
Microsoft Visual Studio Solution File, Format Version 12.00
# Visual Studio Version 17
VisualStudioVersion = 17.5.33627.172
MinimumVisualStudioVersion = 10.0.40219.1
Project("{FAE04EC0-301F-11D3-BF4B-00C04F79EFBC}") = "CopyFilesWPF", "CopyFilesWPF\CopyFilesWPF.csproj", "{06C5A703-148B-4CB9-BCC9-FE4F19DA2260}"
EndProject
Global
	GlobalSection(SolutionConfigurationPlatforms) = preSolution
		Debug|Any CPU = Debug|Any CPU
		Release|Any CPU = Release|Any CPU
	EndGlobalSection
	GlobalSection(ProjectConfigurationPlatforms) = postSolution
		{06C5A703-148B-4CB9-BCC9-FE4F19DA2260}.Debug|Any CPU.ActiveCfg = Debug|Any CPU
		{06C5A703-148B-4CB9-BCC9-FE4F19DA2260}.Debug|Any CPU.Build.0 = Debug|Any CPU
		{06C5A703-148B-4CB9-BCC9-FE4F19DA2260}.Release|Any CPU.ActiveCfg = Release|Any CPU
		{06C5A703-148B-4CB9-BCC9-FE4F19DA2260}.Release|Any CPU.Build.0 = Release|Any CPU
	EndGlobalSection
	GlobalSection(SolutionProperties) = preSolution
		HideSolutionNode = FALSE
	EndGlobalSection
	GlobalSection(ExtensibilityGlobals) = postSolution
		SolutionGuid = {62DDDEDC-2D90-4A26-9E6E-9C2C7D8ACD3D}
	EndGlobalSection
EndGlobal
