
Microsoft Visual Studio Solution File, Format Version 12.00
# Visual Studio Version 17
VisualStudioVersion = 17.9.34622.214
MinimumVisualStudioVersion = 10.0.40219.1
Project("{9A19103F-16F7-4668-BE54-9A1E7A4F7556}") = "LayoutPanels", "LayoutPanels\LayoutPanels.csproj", "{1CF51151-7157-4E24-873D-D71632E32593}"
EndProject
Project("{9A19103F-16F7-4668-BE54-9A1E7A4F7556}") = "RoutedEvents", "RoutedEvents\RoutedEvents.csproj", "{FA70938D-F4B8-45E2-8A07-D53FCB9299FD}"
EndProject
Project("{9A19103F-16F7-4668-BE54-9A1E7A4F7556}") = "UserControlsExample", "UserControlsExample\UserControlsExample.csproj", "{EFA81AA8-0E48-475E-9D9C-CABB45C47035}"
EndProject
Project("{9A19103F-16F7-4668-BE54-9A1E7A4F7556}") = "WpfControls", "WpfControls\WpfControls.csproj", "{21DD320B-2FE2-45D4-8C02-AD140498B196}"
EndProject
Project("{9A19103F-16F7-4668-BE54-9A1E7A4F7556}") = "NotepadSimpleClone", "NotepadSimpleClone\NotepadSimpleClone.csproj", "{ED4EBA40-D195-4E8B-B6F2-F3EAB6E5999D}"
EndProject
Project("{FAE04EC0-301F-11D3-BF4B-00C04F79EFBC}") = "WpfRoutedEvents", "WpfRoutedEvents\WpfRoutedEvents.csproj", "{3DADC21D-3B79-440E-BF5D-C6ABF33F1794}"
EndProject
Project("{2150E333-8FDC-42A3-9474-1A3956D46DE8}") = "Styles", "Styles", "{D1AF7855-92E3-406B-A139-5E87ABD770C3}"
EndProject
Project("{2150E333-8FDC-42A3-9474-1A3956D46DE8}") = "Events", "Events", "{3CFF48E1-6921-4816-87B4-5EDE1D1BBCC4}"
EndProject
Project("{2150E333-8FDC-42A3-9474-1A3956D46DE8}") = "Controls", "Controls", "{FDB8F4F9-43AB-4685-B5A8-2A852DAE567E}"
EndProject
Project("{FAE04EC0-301F-11D3-BF4B-00C04F79EFBC}") = "Example_1", "Example_1\Example_1.csproj", "{44ADBEA9-325D-412B-8720-91D5F8B9C3AD}"
EndProject
Project("{FAE04EC0-301F-11D3-BF4B-00C04F79EFBC}") = "Styles", "Styles\Styles.csproj", "{1D17F235-CC33-423E-8D61-3A5738BBB7EF}"
EndProject
Project("{2150E333-8FDC-42A3-9474-1A3956D46DE8}") = "Resources", "Resources", "{90F60290-250B-41BB-A49D-56B32A583047}"
EndProject
Project("{FAE04EC0-301F-11D3-BF4B-00C04F79EFBC}") = "CustomControlLibrary", "CustomControlLibrary\CustomControlLibrary.csproj", "{350C071C-7CAC-4E49-BD28-31E593E737F1}"
EndProject
Project("{FAE04EC0-301F-11D3-BF4B-00C04F79EFBC}") = "MyCustomControl", "MyCustomControl\MyCustomControl.csproj", "{D82828E0-58A9-407D-9116-3CFEDCFAA106}"
EndProject
Project("{2150E333-8FDC-42A3-9474-1A3956D46DE8}") = "DataBindings", "DataBindings", "{4A6718B7-685F-4C4A-A23B-C42CE5462389}"
EndProject
Project("{FAE04EC0-301F-11D3-BF4B-00C04F79EFBC}") = "MultipleBinding", "MultipleBinding\MultipleBinding.csproj", "{F30891A1-C577-456C-9FDA-CF29E24FB713}"
EndProject
Project("{FAE04EC0-301F-11D3-BF4B-00C04F79EFBC}") = "BindingToObject", "BindingToObject\BindingToObject.csproj", "{7A4941F0-D07D-4BE0-B10E-E5B69A6D7B4F}"
EndProject
Project("{FAE04EC0-301F-11D3-BF4B-00C04F79EFBC}") = "BindingToClass", "BindingToClass\BindingToClass.csproj", "{7E5BBC41-264D-413A-88F2-B8EEA37542C2}"
EndProject
Project("{FAE04EC0-301F-11D3-BF4B-00C04F79EFBC}") = "BindingToFullObject", "BindingToFullObject\BindingToFullObject.csproj", "{DA993529-28FC-44FA-A4D2-EA860C89B6A5}"
EndProject
Project("{FAE04EC0-301F-11D3-BF4B-00C04F79EFBC}") = "BindingToXml", "BindingToXml\BindingToXml.csproj", "{23FAFB6A-7B5B-43D1-AB96-B5C1D2A767DF}"
EndProject
Project("{FAE04EC0-301F-11D3-BF4B-00C04F79EFBC}") = "BindingToUIElement", "BindingToUIElement\BindingToUIElement.csproj", "{F267BB02-527F-4485-AE64-19B79242500D}"
EndProject
Project("{FAE04EC0-301F-11D3-BF4B-00C04F79EFBC}") = "BindingUpdateTrigger", "BindingUpdateTrigger\BindingUpdateTrigger.csproj", "{4DFDC4F3-D043-41B7-A799-98F4D1936DE9}"
EndProject
Global
	GlobalSection(SolutionConfigurationPlatforms) = preSolution
		Debug|Any CPU = Debug|Any CPU
		Release|Any CPU = Release|Any CPU
	EndGlobalSection
	GlobalSection(ProjectConfigurationPlatforms) = postSolution
		{1CF51151-7157-4E24-873D-D71632E32593}.Debug|Any CPU.ActiveCfg = Debug|Any CPU
		{1CF51151-7157-4E24-873D-D71632E32593}.Debug|Any CPU.Build.0 = Debug|Any CPU
		{1CF51151-7157-4E24-873D-D71632E32593}.Release|Any CPU.ActiveCfg = Release|Any CPU
		{1CF51151-7157-4E24-873D-D71632E32593}.Release|Any CPU.Build.0 = Release|Any CPU
		{FA70938D-F4B8-45E2-8A07-D53FCB9299FD}.Debug|Any CPU.ActiveCfg = Debug|Any CPU
		{FA70938D-F4B8-45E2-8A07-D53FCB9299FD}.Debug|Any CPU.Build.0 = Debug|Any CPU
		{FA70938D-F4B8-45E2-8A07-D53FCB9299FD}.Release|Any CPU.ActiveCfg = Release|Any CPU
		{FA70938D-F4B8-45E2-8A07-D53FCB9299FD}.Release|Any CPU.Build.0 = Release|Any CPU
		{EFA81AA8-0E48-475E-9D9C-CABB45C47035}.Debug|Any CPU.ActiveCfg = Debug|Any CPU
		{EFA81AA8-0E48-475E-9D9C-CABB45C47035}.Debug|Any CPU.Build.0 = Debug|Any CPU
		{EFA81AA8-0E48-475E-9D9C-CABB45C47035}.Release|Any CPU.ActiveCfg = Release|Any CPU
		{EFA81AA8-0E48-475E-9D9C-CABB45C47035}.Release|Any CPU.Build.0 = Release|Any CPU
		{21DD320B-2FE2-45D4-8C02-AD140498B196}.Debug|Any CPU.ActiveCfg = Debug|Any CPU
		{21DD320B-2FE2-45D4-8C02-AD140498B196}.Debug|Any CPU.Build.0 = Debug|Any CPU
		{21DD320B-2FE2-45D4-8C02-AD140498B196}.Release|Any CPU.ActiveCfg = Release|Any CPU
		{21DD320B-2FE2-45D4-8C02-AD140498B196}.Release|Any CPU.Build.0 = Release|Any CPU
		{ED4EBA40-D195-4E8B-B6F2-F3EAB6E5999D}.Debug|Any CPU.ActiveCfg = Debug|Any CPU
		{ED4EBA40-D195-4E8B-B6F2-F3EAB6E5999D}.Debug|Any CPU.Build.0 = Debug|Any CPU
		{ED4EBA40-D195-4E8B-B6F2-F3EAB6E5999D}.Release|Any CPU.ActiveCfg = Release|Any CPU
		{ED4EBA40-D195-4E8B-B6F2-F3EAB6E5999D}.Release|Any CPU.Build.0 = Release|Any CPU
		{3DADC21D-3B79-440E-BF5D-C6ABF33F1794}.Debug|Any CPU.ActiveCfg = Debug|Any CPU
		{3DADC21D-3B79-440E-BF5D-C6ABF33F1794}.Debug|Any CPU.Build.0 = Debug|Any CPU
		{3DADC21D-3B79-440E-BF5D-C6ABF33F1794}.Release|Any CPU.ActiveCfg = Release|Any CPU
		{3DADC21D-3B79-440E-BF5D-C6ABF33F1794}.Release|Any CPU.Build.0 = Release|Any CPU
		{44ADBEA9-325D-412B-8720-91D5F8B9C3AD}.Debug|Any CPU.ActiveCfg = Debug|Any CPU
		{44ADBEA9-325D-412B-8720-91D5F8B9C3AD}.Debug|Any CPU.Build.0 = Debug|Any CPU
		{44ADBEA9-325D-412B-8720-91D5F8B9C3AD}.Release|Any CPU.ActiveCfg = Release|Any CPU
		{44ADBEA9-325D-412B-8720-91D5F8B9C3AD}.Release|Any CPU.Build.0 = Release|Any CPU
		{1D17F235-CC33-423E-8D61-3A5738BBB7EF}.Debug|Any CPU.ActiveCfg = Debug|Any CPU
		{1D17F235-CC33-423E-8D61-3A5738BBB7EF}.Debug|Any CPU.Build.0 = Debug|Any CPU
		{1D17F235-CC33-423E-8D61-3A5738BBB7EF}.Release|Any CPU.ActiveCfg = Release|Any CPU
		{1D17F235-CC33-423E-8D61-3A5738BBB7EF}.Release|Any CPU.Build.0 = Release|Any CPU
		{350C071C-7CAC-4E49-BD28-31E593E737F1}.Debug|Any CPU.ActiveCfg = Debug|Any CPU
		{350C071C-7CAC-4E49-BD28-31E593E737F1}.Debug|Any CPU.Build.0 = Debug|Any CPU
		{350C071C-7CAC-4E49-BD28-31E593E737F1}.Release|Any CPU.ActiveCfg = Release|Any CPU
		{350C071C-7CAC-4E49-BD28-31E593E737F1}.Release|Any CPU.Build.0 = Release|Any CPU
		{D82828E0-58A9-407D-9116-3CFEDCFAA106}.Debug|Any CPU.ActiveCfg = Debug|Any CPU
		{D82828E0-58A9-407D-9116-3CFEDCFAA106}.Debug|Any CPU.Build.0 = Debug|Any CPU
		{D82828E0-58A9-407D-9116-3CFEDCFAA106}.Release|Any CPU.ActiveCfg = Release|Any CPU
		{D82828E0-58A9-407D-9116-3CFEDCFAA106}.Release|Any CPU.Build.0 = Release|Any CPU
		{F30891A1-C577-456C-9FDA-CF29E24FB713}.Debug|Any CPU.ActiveCfg = Debug|Any CPU
		{F30891A1-C577-456C-9FDA-CF29E24FB713}.Debug|Any CPU.Build.0 = Debug|Any CPU
		{F30891A1-C577-456C-9FDA-CF29E24FB713}.Release|Any CPU.ActiveCfg = Release|Any CPU
		{F30891A1-C577-456C-9FDA-CF29E24FB713}.Release|Any CPU.Build.0 = Release|Any CPU
		{7A4941F0-D07D-4BE0-B10E-E5B69A6D7B4F}.Debug|Any CPU.ActiveCfg = Debug|Any CPU
		{7A4941F0-D07D-4BE0-B10E-E5B69A6D7B4F}.Debug|Any CPU.Build.0 = Debug|Any CPU
		{7A4941F0-D07D-4BE0-B10E-E5B69A6D7B4F}.Release|Any CPU.ActiveCfg = Release|Any CPU
		{7A4941F0-D07D-4BE0-B10E-E5B69A6D7B4F}.Release|Any CPU.Build.0 = Release|Any CPU
		{7E5BBC41-264D-413A-88F2-B8EEA37542C2}.Debug|Any CPU.ActiveCfg = Debug|Any CPU
		{7E5BBC41-264D-413A-88F2-B8EEA37542C2}.Debug|Any CPU.Build.0 = Debug|Any CPU
		{7E5BBC41-264D-413A-88F2-B8EEA37542C2}.Release|Any CPU.ActiveCfg = Release|Any CPU
		{7E5BBC41-264D-413A-88F2-B8EEA37542C2}.Release|Any CPU.Build.0 = Release|Any CPU
		{DA993529-28FC-44FA-A4D2-EA860C89B6A5}.Debug|Any CPU.ActiveCfg = Debug|Any CPU
		{DA993529-28FC-44FA-A4D2-EA860C89B6A5}.Debug|Any CPU.Build.0 = Debug|Any CPU
		{DA993529-28FC-44FA-A4D2-EA860C89B6A5}.Release|Any CPU.ActiveCfg = Release|Any CPU
		{DA993529-28FC-44FA-A4D2-EA860C89B6A5}.Release|Any CPU.Build.0 = Release|Any CPU
		{23FAFB6A-7B5B-43D1-AB96-B5C1D2A767DF}.Debug|Any CPU.ActiveCfg = Debug|Any CPU
		{23FAFB6A-7B5B-43D1-AB96-B5C1D2A767DF}.Debug|Any CPU.Build.0 = Debug|Any CPU
		{23FAFB6A-7B5B-43D1-AB96-B5C1D2A767DF}.Release|Any CPU.ActiveCfg = Release|Any CPU
		{23FAFB6A-7B5B-43D1-AB96-B5C1D2A767DF}.Release|Any CPU.Build.0 = Release|Any CPU
		{F267BB02-527F-4485-AE64-19B79242500D}.Debug|Any CPU.ActiveCfg = Debug|Any CPU
		{F267BB02-527F-4485-AE64-19B79242500D}.Debug|Any CPU.Build.0 = Debug|Any CPU
		{F267BB02-527F-4485-AE64-19B79242500D}.Release|Any CPU.ActiveCfg = Release|Any CPU
		{F267BB02-527F-4485-AE64-19B79242500D}.Release|Any CPU.Build.0 = Release|Any CPU
		{4DFDC4F3-D043-41B7-A799-98F4D1936DE9}.Debug|Any CPU.ActiveCfg = Debug|Any CPU
		{4DFDC4F3-D043-41B7-A799-98F4D1936DE9}.Debug|Any CPU.Build.0 = Debug|Any CPU
		{4DFDC4F3-D043-41B7-A799-98F4D1936DE9}.Release|Any CPU.ActiveCfg = Release|Any CPU
		{4DFDC4F3-D043-41B7-A799-98F4D1936DE9}.Release|Any CPU.Build.0 = Release|Any CPU
	EndGlobalSection
	GlobalSection(SolutionProperties) = preSolution
		HideSolutionNode = FALSE
	EndGlobalSection
	GlobalSection(NestedProjects) = preSolution
		{1CF51151-7157-4E24-873D-D71632E32593} = {FDB8F4F9-43AB-4685-B5A8-2A852DAE567E}
		{FA70938D-F4B8-45E2-8A07-D53FCB9299FD} = {3CFF48E1-6921-4816-87B4-5EDE1D1BBCC4}
		{EFA81AA8-0E48-475E-9D9C-CABB45C47035} = {FDB8F4F9-43AB-4685-B5A8-2A852DAE567E}
		{21DD320B-2FE2-45D4-8C02-AD140498B196} = {FDB8F4F9-43AB-4685-B5A8-2A852DAE567E}
		{3DADC21D-3B79-440E-BF5D-C6ABF33F1794} = {3CFF48E1-6921-4816-87B4-5EDE1D1BBCC4}
		{44ADBEA9-325D-412B-8720-91D5F8B9C3AD} = {D1AF7855-92E3-406B-A139-5E87ABD770C3}
		{1D17F235-CC33-423E-8D61-3A5738BBB7EF} = {D1AF7855-92E3-406B-A139-5E87ABD770C3}
		{350C071C-7CAC-4E49-BD28-31E593E737F1} = {90F60290-250B-41BB-A49D-56B32A583047}
		{D82828E0-58A9-407D-9116-3CFEDCFAA106} = {90F60290-250B-41BB-A49D-56B32A583047}
		{F30891A1-C577-456C-9FDA-CF29E24FB713} = {4A6718B7-685F-4C4A-A23B-C42CE5462389}
		{7A4941F0-D07D-4BE0-B10E-E5B69A6D7B4F} = {4A6718B7-685F-4C4A-A23B-C42CE5462389}
		{7E5BBC41-264D-413A-88F2-B8EEA37542C2} = {4A6718B7-685F-4C4A-A23B-C42CE5462389}
		{DA993529-28FC-44FA-A4D2-EA860C89B6A5} = {4A6718B7-685F-4C4A-A23B-C42CE5462389}
		{23FAFB6A-7B5B-43D1-AB96-B5C1D2A767DF} = {4A6718B7-685F-4C4A-A23B-C42CE5462389}
		{F267BB02-527F-4485-AE64-19B79242500D} = {4A6718B7-685F-4C4A-A23B-C42CE5462389}
		{4DFDC4F3-D043-41B7-A799-98F4D1936DE9} = {4A6718B7-685F-4C4A-A23B-C42CE5462389}
	EndGlobalSection
	GlobalSection(ExtensibilityGlobals) = postSolution
		SolutionGuid = {2595E521-491C-4B88-BB5E-6A4DE905DB5F}
	EndGlobalSection
EndGlobal
