
Microsoft Visual Studio Solution File, Format Version 12.00
# Visual Studio Version 17
VisualStudioVersion = 17.10.34928.147
MinimumVisualStudioVersion = 10.0.40219.1
Project("{FAE04EC0-301F-11D3-BF4B-00C04F79EFBC}") = "EventExamples", "EventExamples\EventExamples.csproj", "{ED99F0B8-C1C7-473C-9DF5-6C036FD64D1C}"
EndProject
Global
	GlobalSection(SolutionConfigurationPlatforms) = preSolution
		Debug|Any CPU = Debug|Any CPU
		Release|Any CPU = Release|Any CPU
	EndGlobalSection
	GlobalSection(ProjectConfigurationPlatforms) = postSolution
		{ED99F0B8-C1C7-473C-9DF5-6C036FD64D1C}.Debug|Any CPU.ActiveCfg = Debug|Any CPU
		{ED99F0B8-C1C7-473C-9DF5-6C036FD64D1C}.Debug|Any CPU.Build.0 = Debug|Any CPU
		{ED99F0B8-C1C7-473C-9DF5-6C036FD64D1C}.Release|Any CPU.ActiveCfg = Release|Any CPU
		{ED99F0B8-C1C7-473C-9DF5-6C036FD64D1C}.Release|Any CPU.Build.0 = Release|Any CPU
	EndGlobalSection
	GlobalSection(SolutionProperties) = preSolution
		HideSolutionNode = FALSE
	EndGlobalSection
	GlobalSection(ExtensibilityGlobals) = postSolution
		SolutionGuid = {A8F3E66A-E364-4221-860D-6CE6CAD62826}
	EndGlobalSection
EndGlobal
