
Microsoft Visual Studio Solution File, Format Version 12.00
# Visual Studio Version 17
VisualStudioVersion = 17.9.34622.214
MinimumVisualStudioVersion = 10.0.40219.1
Project("{FAE04EC0-301F-11D3-BF4B-00C04F79EFBC}") = "RabbitMqDemo", "RabbitMqDemo\RabbitMqDemo.csproj", "{26368DFF-DC3B-4C9D-B6A2-B40187EBC6C0}"
EndProject
Project("{FAE04EC0-301F-11D3-BF4B-00C04F79EFBC}") = "ConsumerDemo", "ConsumerDemo\ConsumerDemo.csproj", "{A5A838F6-4CDB-4533-9C1E-57EA188931E3}"
EndProject
Global
	GlobalSection(SolutionConfigurationPlatforms) = preSolution
		Debug|Any CPU = Debug|Any CPU
		Release|Any CPU = Release|Any CPU
	EndGlobalSection
	GlobalSection(ProjectConfigurationPlatforms) = postSolution
		{26368DFF-DC3B-4C9D-B6A2-B40187EBC6C0}.Debug|Any CPU.ActiveCfg = Debug|Any CPU
		{26368DFF-DC3B-4C9D-B6A2-B40187EBC6C0}.Debug|Any CPU.Build.0 = Debug|Any CPU
		{26368DFF-DC3B-4C9D-B6A2-B40187EBC6C0}.Release|Any CPU.ActiveCfg = Release|Any CPU
		{26368DFF-DC3B-4C9D-B6A2-B40187EBC6C0}.Release|Any CPU.Build.0 = Release|Any CPU
		{A5A838F6-4CDB-4533-9C1E-57EA188931E3}.Debug|Any CPU.ActiveCfg = Debug|Any CPU
		{A5A838F6-4CDB-4533-9C1E-57EA188931E3}.Debug|Any CPU.Build.0 = Debug|Any CPU
		{A5A838F6-4CDB-4533-9C1E-57EA188931E3}.Release|Any CPU.ActiveCfg = Release|Any CPU
		{A5A838F6-4CDB-4533-9C1E-57EA188931E3}.Release|Any CPU.Build.0 = Release|Any CPU
	EndGlobalSection
	GlobalSection(SolutionProperties) = preSolution
		HideSolutionNode = FALSE
	EndGlobalSection
	GlobalSection(ExtensibilityGlobals) = postSolution
		SolutionGuid = {8DA5FF86-ACFE-4C17-BEDC-1035CA9DD2FF}
	EndGlobalSection
EndGlobal
