
Microsoft Visual Studio Solution File, Format Version 12.00
# Visual Studio 2012
Project("{FAE04EC0-301F-11D3-BF4B-00C04F79EFBC}") = "ApplicationDomainTest", "ApplicationDomainTest\ApplicationDomainTest.csproj", "{7A4BA5F7-544E-45BE-B779-19C5C9DC6EB6}"
EndProject
Project("{FAE04EC0-301F-11D3-BF4B-00C04F79EFBC}") = "UsingDomain", "UsingDomain\UsingDomain.csproj", "{299D2C9A-1142-4083-A9F7-1D60F99F47C1}"
EndProject
Global
	GlobalSection(SolutionConfigurationPlatforms) = preSolution
		Debug|Any CPU = Debug|Any CPU
		Release|Any CPU = Release|Any CPU
	EndGlobalSection
	GlobalSection(ProjectConfigurationPlatforms) = postSolution
		{7A4BA5F7-544E-45BE-B779-19C5C9DC6EB6}.Debug|Any CPU.ActiveCfg = Debug|Any CPU
		{7A4BA5F7-544E-45BE-B779-19C5C9DC6EB6}.Debug|Any CPU.Build.0 = Debug|Any CPU
		{7A4BA5F7-544E-45BE-B779-19C5C9DC6EB6}.Release|Any CPU.ActiveCfg = Release|Any CPU
		{7A4BA5F7-544E-45BE-B779-19C5C9DC6EB6}.Release|Any CPU.Build.0 = Release|Any CPU
		{299D2C9A-1142-4083-A9F7-1D60F99F47C1}.Debug|Any CPU.ActiveCfg = Debug|Any CPU
		{299D2C9A-1142-4083-A9F7-1D60F99F47C1}.Debug|Any CPU.Build.0 = Debug|Any CPU
		{299D2C9A-1142-4083-A9F7-1D60F99F47C1}.Release|Any CPU.ActiveCfg = Release|Any CPU
		{299D2C9A-1142-4083-A9F7-1D60F99F47C1}.Release|Any CPU.Build.0 = Release|Any CPU
	EndGlobalSection
	GlobalSection(SolutionProperties) = preSolution
		HideSolutionNode = FALSE
	EndGlobalSection
EndGlobal
