
Microsoft Visual Studio Solution File, Format Version 12.00
# Visual Studio Version 17
VisualStudioVersion = 17.10.34928.147
MinimumVisualStudioVersion = 10.0.40219.1
Project("{2150E333-8FDC-42A3-9474-1A3956D46DE8}") = "ClassWork", "ClassWork", "{B374D4C0-1865-4032-8315-91C1EB4D4B21}"
EndProject
Project("{2150E333-8FDC-42A3-9474-1A3956D46DE8}") = "HomeWork", "HomeWork", "{6A05DF64-88D8-4839-98A0-785F3F512A6D}"
EndProject
Project("{9A19103F-16F7-4668-BE54-9A1E7A4F7556}") = "HW_1_Classes_And_Git", "HW_1_Classes_And_Git\HW_1_Classes_And_Git.csproj", "{D0D8625C-F512-47B4-A25D-44E4C9EC455B}"
EndProject
Project("{9A19103F-16F7-4668-BE54-9A1E7A4F7556}") = "HW_2_OOP_Principles", "HW_2_OOP_Principles\HW_2_OOP_Principles.csproj", "{F6E7E739-5ACF-4836-8D92-1BAD7B1DBE29}"
EndProject
Project("{9A19103F-16F7-4668-BE54-9A1E7A4F7556}") = "HW_3_AbstractClasses_And_Interfaces", "HW_3_AbstractClasses_And_Interfaces\HW_3_AbstractClasses_And_Interfaces.csproj", "{16EEDC7E-6308-4AE5-B21A-2B242FB80E80}"
EndProject
Project("{9A19103F-16F7-4668-BE54-9A1E7A4F7556}") = "HW_4._Operator_overload", "HW_4._Operator_overload\HW_4._Operator_overload.csproj", "{5ECE2C3F-495B-4D9D-B61E-EC23E37B0882}"
EndProject
Project("{9A19103F-16F7-4668-BE54-9A1E7A4F7556}") = "Lesson_1", "Lesson_1\Lesson_1.csproj", "{24449D09-F355-4E9D-A52A-F39F07A07E83}"
EndProject
Project("{9A19103F-16F7-4668-BE54-9A1E7A4F7556}") = "Lesson_2", "Lesson_2\Lesson_2.csproj", "{5E6ABECB-924E-44C6-8900-8DD58EB8DA9F}"
EndProject
Project("{9A19103F-16F7-4668-BE54-9A1E7A4F7556}") = "Lesson_3", "Lesson_3\Lesson_3.csproj", "{F951CC29-1EF7-4851-BF1F-E8F8427621C3}"
EndProject
Project("{9A19103F-16F7-4668-BE54-9A1E7A4F7556}") = "Lesson_4", "Lesson_4\Lesson_4.csproj", "{35B090A1-5B74-42CB-BCDF-44D2216D95D7}"
EndProject
Project("{9A19103F-16F7-4668-BE54-9A1E7A4F7556}") = "Lesson_5", "Lesson_5\Lesson_5.csproj", "{92B19D62-5A99-49D1-B605-92C4480A2F13}"
EndProject
Project("{FAE04EC0-301F-11D3-BF4B-00C04F79EFBC}") = "Lesson_6", "Lesson_6\Lesson_6.csproj", "{5238C0EB-36F7-4094-A28E-44717478C550}"
EndProject
Global
	GlobalSection(SolutionConfigurationPlatforms) = preSolution
		Debug|Any CPU = Debug|Any CPU
		Release|Any CPU = Release|Any CPU
	EndGlobalSection
	GlobalSection(ProjectConfigurationPlatforms) = postSolution
		{D0D8625C-F512-47B4-A25D-44E4C9EC455B}.Debug|Any CPU.ActiveCfg = Debug|Any CPU
		{D0D8625C-F512-47B4-A25D-44E4C9EC455B}.Debug|Any CPU.Build.0 = Debug|Any CPU
		{D0D8625C-F512-47B4-A25D-44E4C9EC455B}.Release|Any CPU.ActiveCfg = Release|Any CPU
		{D0D8625C-F512-47B4-A25D-44E4C9EC455B}.Release|Any CPU.Build.0 = Release|Any CPU
		{F6E7E739-5ACF-4836-8D92-1BAD7B1DBE29}.Debug|Any CPU.ActiveCfg = Debug|Any CPU
		{F6E7E739-5ACF-4836-8D92-1BAD7B1DBE29}.Debug|Any CPU.Build.0 = Debug|Any CPU
		{F6E7E739-5ACF-4836-8D92-1BAD7B1DBE29}.Release|Any CPU.ActiveCfg = Release|Any CPU
		{F6E7E739-5ACF-4836-8D92-1BAD7B1DBE29}.Release|Any CPU.Build.0 = Release|Any CPU
		{16EEDC7E-6308-4AE5-B21A-2B242FB80E80}.Debug|Any CPU.ActiveCfg = Debug|Any CPU
		{16EEDC7E-6308-4AE5-B21A-2B242FB80E80}.Debug|Any CPU.Build.0 = Debug|Any CPU
		{16EEDC7E-6308-4AE5-B21A-2B242FB80E80}.Release|Any CPU.ActiveCfg = Release|Any CPU
		{16EEDC7E-6308-4AE5-B21A-2B242FB80E80}.Release|Any CPU.Build.0 = Release|Any CPU
		{5ECE2C3F-495B-4D9D-B61E-EC23E37B0882}.Debug|Any CPU.ActiveCfg = Debug|Any CPU
		{5ECE2C3F-495B-4D9D-B61E-EC23E37B0882}.Debug|Any CPU.Build.0 = Debug|Any CPU
		{5ECE2C3F-495B-4D9D-B61E-EC23E37B0882}.Release|Any CPU.ActiveCfg = Release|Any CPU
		{5ECE2C3F-495B-4D9D-B61E-EC23E37B0882}.Release|Any CPU.Build.0 = Release|Any CPU
		{24449D09-F355-4E9D-A52A-F39F07A07E83}.Debug|Any CPU.ActiveCfg = Debug|Any CPU
		{24449D09-F355-4E9D-A52A-F39F07A07E83}.Debug|Any CPU.Build.0 = Debug|Any CPU
		{24449D09-F355-4E9D-A52A-F39F07A07E83}.Release|Any CPU.ActiveCfg = Release|Any CPU
		{24449D09-F355-4E9D-A52A-F39F07A07E83}.Release|Any CPU.Build.0 = Release|Any CPU
		{5E6ABECB-924E-44C6-8900-8DD58EB8DA9F}.Debug|Any CPU.ActiveCfg = Debug|Any CPU
		{5E6ABECB-924E-44C6-8900-8DD58EB8DA9F}.Debug|Any CPU.Build.0 = Debug|Any CPU
		{5E6ABECB-924E-44C6-8900-8DD58EB8DA9F}.Release|Any CPU.ActiveCfg = Release|Any CPU
		{5E6ABECB-924E-44C6-8900-8DD58EB8DA9F}.Release|Any CPU.Build.0 = Release|Any CPU
		{F951CC29-1EF7-4851-BF1F-E8F8427621C3}.Debug|Any CPU.ActiveCfg = Debug|Any CPU
		{F951CC29-1EF7-4851-BF1F-E8F8427621C3}.Debug|Any CPU.Build.0 = Debug|Any CPU
		{F951CC29-1EF7-4851-BF1F-E8F8427621C3}.Release|Any CPU.ActiveCfg = Release|Any CPU
		{F951CC29-1EF7-4851-BF1F-E8F8427621C3}.Release|Any CPU.Build.0 = Release|Any CPU
		{35B090A1-5B74-42CB-BCDF-44D2216D95D7}.Debug|Any CPU.ActiveCfg = Debug|Any CPU
		{35B090A1-5B74-42CB-BCDF-44D2216D95D7}.Debug|Any CPU.Build.0 = Debug|Any CPU
		{35B090A1-5B74-42CB-BCDF-44D2216D95D7}.Release|Any CPU.ActiveCfg = Release|Any CPU
		{35B090A1-5B74-42CB-BCDF-44D2216D95D7}.Release|Any CPU.Build.0 = Release|Any CPU
		{92B19D62-5A99-49D1-B605-92C4480A2F13}.Debug|Any CPU.ActiveCfg = Debug|Any CPU
		{92B19D62-5A99-49D1-B605-92C4480A2F13}.Debug|Any CPU.Build.0 = Debug|Any CPU
		{92B19D62-5A99-49D1-B605-92C4480A2F13}.Release|Any CPU.ActiveCfg = Release|Any CPU
		{92B19D62-5A99-49D1-B605-92C4480A2F13}.Release|Any CPU.Build.0 = Release|Any CPU
		{5238C0EB-36F7-4094-A28E-44717478C550}.Debug|Any CPU.ActiveCfg = Debug|Any CPU
		{5238C0EB-36F7-4094-A28E-44717478C550}.Debug|Any CPU.Build.0 = Debug|Any CPU
		{5238C0EB-36F7-4094-A28E-44717478C550}.Release|Any CPU.ActiveCfg = Release|Any CPU
		{5238C0EB-36F7-4094-A28E-44717478C550}.Release|Any CPU.Build.0 = Release|Any CPU
	EndGlobalSection
	GlobalSection(SolutionProperties) = preSolution
		HideSolutionNode = FALSE
	EndGlobalSection
	GlobalSection(NestedProjects) = preSolution
		{D0D8625C-F512-47B4-A25D-44E4C9EC455B} = {6A05DF64-88D8-4839-98A0-785F3F512A6D}
		{F6E7E739-5ACF-4836-8D92-1BAD7B1DBE29} = {6A05DF64-88D8-4839-98A0-785F3F512A6D}
		{16EEDC7E-6308-4AE5-B21A-2B242FB80E80} = {6A05DF64-88D8-4839-98A0-785F3F512A6D}
		{5ECE2C3F-495B-4D9D-B61E-EC23E37B0882} = {6A05DF64-88D8-4839-98A0-785F3F512A6D}
		{24449D09-F355-4E9D-A52A-F39F07A07E83} = {B374D4C0-1865-4032-8315-91C1EB4D4B21}
		{5E6ABECB-924E-44C6-8900-8DD58EB8DA9F} = {B374D4C0-1865-4032-8315-91C1EB4D4B21}
		{F951CC29-1EF7-4851-BF1F-E8F8427621C3} = {B374D4C0-1865-4032-8315-91C1EB4D4B21}
		{35B090A1-5B74-42CB-BCDF-44D2216D95D7} = {B374D4C0-1865-4032-8315-91C1EB4D4B21}
		{92B19D62-5A99-49D1-B605-92C4480A2F13} = {B374D4C0-1865-4032-8315-91C1EB4D4B21}
		{5238C0EB-36F7-4094-A28E-44717478C550} = {B374D4C0-1865-4032-8315-91C1EB4D4B21}
	EndGlobalSection
	GlobalSection(ExtensibilityGlobals) = postSolution
		SolutionGuid = {6AD6DC20-5849-4A61-A23D-351C5583DCF0}
	EndGlobalSection
EndGlobal
