
Microsoft Visual Studio Solution File, Format Version 12.00
# Visual Studio Version 17
VisualStudioVersion = 17.10.34928.147
MinimumVisualStudioVersion = 10.0.40219.1
Project("{2150E333-8FDC-42A3-9474-1A3956D46DE8}") = "ClassWork", "ClassWork", "{B374D4C0-1865-4032-8315-91C1EB4D4B21}"
EndProject
Project("{2150E333-8FDC-42A3-9474-1A3956D46DE8}") = "HomeWork", "HomeWork", "{6A05DF64-88D8-4839-98A0-785F3F512A6D}"
EndProject
Project("{9A19103F-16F7-4668-BE54-9A1E7A4F7556}") = "HW_1_Classes_And_Git", "HW_1_Classes_And_Git\HW_1_Classes_And_Git.csproj", "{D0D8625C-F512-47B4-A25D-44E4C9EC455B}"
EndProject
Project("{9A19103F-16F7-4668-BE54-9A1E7A4F7556}") = "HW_2_OOP_Principles", "HW_2_OOP_Principles\HW_2_OOP_Principles.csproj", "{F6E7E739-5ACF-4836-8D92-1BAD7B1DBE29}"
EndProject
Project("{9A19103F-16F7-4668-BE54-9A1E7A4F7556}") = "HW_3_AbstractClasses_And_Interfaces", "HW_3_AbstractClasses_And_Interfaces\HW_3_AbstractClasses_And_Interfaces.csproj", "{16EEDC7E-6308-4AE5-B21A-2B242FB80E80}"
EndProject
Project("{9A19103F-16F7-4668-BE54-9A1E7A4F7556}") = "HW_4._Operator_overload", "HW_4_Operator_overload\HW_4._Operator_overload.csproj", "{D70EADCF-9AB4-40D3-B540-ED99DC68A1B1}"
EndProject
Project("{9A19103F-16F7-4668-BE54-9A1E7A4F7556}") = "HW_5_GarbageCollector", "HW_5_GarbageCollector\HW_5_GarbageCollector.csproj", "{452896D8-7BF0-4879-AE2E-4146B00C38E7}"
EndProject
Project("{9A19103F-16F7-4668-BE54-9A1E7A4F7556}") = "Lesson01", "Lesson1\Lesson01.csproj", "{595A38A9-DC9B-46D7-B641-64C2BA5D5FAE}"
EndProject
Project("{9A19103F-16F7-4668-BE54-9A1E7A4F7556}") = "Lesson02", "Lesson2\Lesson02.csproj", "{FFBF9D2A-446A-44F1-94A9-09F627E31C08}"
EndProject
Project("{9A19103F-16F7-4668-BE54-9A1E7A4F7556}") = "Lesson03", "Lesson3\Lesson03.csproj", "{4CA6718E-4416-420A-BC0A-9C744F7A9287}"
EndProject
Project("{9A19103F-16F7-4668-BE54-9A1E7A4F7556}") = "Lesson04", "Lesson4\Lesson04.csproj", "{6F3E08A3-3A41-4FCD-B64D-82E4D6E1354A}"
EndProject
Project("{9A19103F-16F7-4668-BE54-9A1E7A4F7556}") = "Lesson05 - Generics", "Lesson5\Lesson05 - Generics.csproj", "{339DC524-A6BE-4A48-890A-F1E892561D31}"
EndProject
Project("{9A19103F-16F7-4668-BE54-9A1E7A4F7556}") = "Lesson06", "Lesson6\Lesson06.csproj", "{E123B0F4-4544-4D99-AAB6-184DFBB93752}"
EndProject
Project("{9A19103F-16F7-4668-BE54-9A1E7A4F7556}") = "Lesson07", "Lesson7\Lesson07.csproj", "{AC9BD3FB-A3CA-4D51-8F8B-ABAE04328768}"
EndProject
Project("{9A19103F-16F7-4668-BE54-9A1E7A4F7556}") = "Lesson08", "Lesson8\Lesson08.csproj", "{6E06C869-B896-4CF2-A3FB-E61F2DCC8E22}"
EndProject
Project("{9A19103F-16F7-4668-BE54-9A1E7A4F7556}") = "Lesson09 - JSON,XML,LINQ", "Lesson9\Lesson09 - JSON,XML,LINQ.csproj", "{758A498C-90A5-48F8-90DF-10628F94A274}"
EndProject
Project("{2150E333-8FDC-42A3-9474-1A3956D46DE8}") = "DoctorAppointmentDemo", "DoctorAppointmentDemo", "{1EF9A032-328F-4ACF-BD04-C37E28A80AD7}"
EndProject
Project("{9A19103F-16F7-4668-BE54-9A1E7A4F7556}") = "DoctorAppointmentDemo.Data", "DoctorAppointmentDemo\DoctorAppointmentDemo.Data\DoctorAppointmentDemo.Data.csproj", "{4C4D93D5-77B8-45BD-913E-2CA9971F54F1}"
EndProject
Project("{9A19103F-16F7-4668-BE54-9A1E7A4F7556}") = "DoctorAppointmentDemo.Domain", "DoctorAppointmentDemo\DoctorAppointmentDemo.Domain\DoctorAppointmentDemo.Domain.csproj", "{3E8184EE-E87E-422C-9AD9-8BFE2C8672EC}"
EndProject
Project("{9A19103F-16F7-4668-BE54-9A1E7A4F7556}") = "DoctorAppointmentDemo.Service", "DoctorAppointmentDemo\DoctorAppointmentDemo.Service\DoctorAppointmentDemo.Service.csproj", "{29C1D15C-343F-4144-B2FC-DCE9CE392AAD}"
EndProject
Project("{9A19103F-16F7-4668-BE54-9A1E7A4F7556}") = "DoctorAppointmentDemo.UI", "DoctorAppointmentDemo\DoctorAppointmentDemo.UI\DoctorAppointmentDemo.UI.csproj", "{BA25E31D-9BD3-4764-A0ED-569CFFB4D149}"
EndProject
Project("{9A19103F-16F7-4668-BE54-9A1E7A4F7556}") = "Lesson11 - Thread,Task,Monitor,Mutex,Semaphore", "Lesson11\Lesson11 - Thread,Task,Monitor,Mutex,Semaphore.csproj", "{B34AC894-B1ED-495C-9C03-A78C2D5EC379}"
EndProject
Project("{9A19103F-16F7-4668-BE54-9A1E7A4F7556}") = "TodoList", "Lesson10\TodoList\TodoList\TodoList.csproj", "{5D0A8F8A-357B-4C6C-A3DA-BC22D35A0255}"
EndProject
Project("{9A19103F-16F7-4668-BE54-9A1E7A4F7556}") = "TodoListPlus", "Lesson10\TodoListPlus\TodoListPlus\TodoListPlus.csproj", "{74E91AD2-3976-41F4-976E-7F6FE03C5B3A}"
EndProject
Project("{2150E333-8FDC-42A3-9474-1A3956D46DE8}") = "MyDoctorAppointment", "MyDoctorAppointment", "{DC52D4C2-ADD0-4A69-8AB2-037CBE81EFB2}"
EndProject
Project("{9A19103F-16F7-4668-BE54-9A1E7A4F7556}") = "MyDoctorAppointment", "MyDoctorAppointment\MyDoctorAppointment\MyDoctorAppointment.csproj", "{079EE574-6B3A-486A-9D0D-A3060B00B4BE}"
EndProject
Project("{9A19103F-16F7-4668-BE54-9A1E7A4F7556}") = "MyDoctorAppointment.Data", "MyDoctorAppointment\MyDoctorAppointment.Data\MyDoctorAppointment.Data.csproj", "{4C905724-69B2-48C1-99FA-050E2BB0AE26}"
EndProject
Project("{9A19103F-16F7-4668-BE54-9A1E7A4F7556}") = "MyDoctorAppointment.Domain", "MyDoctorAppointment\MyDoctorAppointment.Domain\MyDoctorAppointment.Domain.csproj", "{11C264FF-56E4-4830-BA45-D56BF91C9251}"
EndProject
Project("{9A19103F-16F7-4668-BE54-9A1E7A4F7556}") = "MyDoctorAppointment.Service", "MyDoctorAppointment\MyDoctorAppointment.Service\MyDoctorAppointment.Service.csproj", "{1333861B-C3B5-4FDB-83B9-BA473CF2E25D}"
EndProject
Global
	GlobalSection(SolutionConfigurationPlatforms) = preSolution
		Debug|Any CPU = Debug|Any CPU
		Release|Any CPU = Release|Any CPU
	EndGlobalSection
	GlobalSection(ProjectConfigurationPlatforms) = postSolution
		{D0D8625C-F512-47B4-A25D-44E4C9EC455B}.Debug|Any CPU.ActiveCfg = Debug|Any CPU
		{D0D8625C-F512-47B4-A25D-44E4C9EC455B}.Debug|Any CPU.Build.0 = Debug|Any CPU
		{D0D8625C-F512-47B4-A25D-44E4C9EC455B}.Release|Any CPU.ActiveCfg = Release|Any CPU
		{D0D8625C-F512-47B4-A25D-44E4C9EC455B}.Release|Any CPU.Build.0 = Release|Any CPU
		{F6E7E739-5ACF-4836-8D92-1BAD7B1DBE29}.Debug|Any CPU.ActiveCfg = Debug|Any CPU
		{F6E7E739-5ACF-4836-8D92-1BAD7B1DBE29}.Debug|Any CPU.Build.0 = Debug|Any CPU
		{F6E7E739-5ACF-4836-8D92-1BAD7B1DBE29}.Release|Any CPU.ActiveCfg = Release|Any CPU
		{F6E7E739-5ACF-4836-8D92-1BAD7B1DBE29}.Release|Any CPU.Build.0 = Release|Any CPU
		{16EEDC7E-6308-4AE5-B21A-2B242FB80E80}.Debug|Any CPU.ActiveCfg = Debug|Any CPU
		{16EEDC7E-6308-4AE5-B21A-2B242FB80E80}.Debug|Any CPU.Build.0 = Debug|Any CPU
		{16EEDC7E-6308-4AE5-B21A-2B242FB80E80}.Release|Any CPU.ActiveCfg = Release|Any CPU
		{16EEDC7E-6308-4AE5-B21A-2B242FB80E80}.Release|Any CPU.Build.0 = Release|Any CPU
		{D70EADCF-9AB4-40D3-B540-ED99DC68A1B1}.Debug|Any CPU.ActiveCfg = Debug|Any CPU
		{D70EADCF-9AB4-40D3-B540-ED99DC68A1B1}.Debug|Any CPU.Build.0 = Debug|Any CPU
		{D70EADCF-9AB4-40D3-B540-ED99DC68A1B1}.Release|Any CPU.ActiveCfg = Release|Any CPU
		{D70EADCF-9AB4-40D3-B540-ED99DC68A1B1}.Release|Any CPU.Build.0 = Release|Any CPU
		{452896D8-7BF0-4879-AE2E-4146B00C38E7}.Debug|Any CPU.ActiveCfg = Debug|Any CPU
		{452896D8-7BF0-4879-AE2E-4146B00C38E7}.Debug|Any CPU.Build.0 = Debug|Any CPU
		{452896D8-7BF0-4879-AE2E-4146B00C38E7}.Release|Any CPU.ActiveCfg = Release|Any CPU
		{452896D8-7BF0-4879-AE2E-4146B00C38E7}.Release|Any CPU.Build.0 = Release|Any CPU
		{595A38A9-DC9B-46D7-B641-64C2BA5D5FAE}.Debug|Any CPU.ActiveCfg = Debug|Any CPU
		{595A38A9-DC9B-46D7-B641-64C2BA5D5FAE}.Debug|Any CPU.Build.0 = Debug|Any CPU
		{595A38A9-DC9B-46D7-B641-64C2BA5D5FAE}.Release|Any CPU.ActiveCfg = Release|Any CPU
		{595A38A9-DC9B-46D7-B641-64C2BA5D5FAE}.Release|Any CPU.Build.0 = Release|Any CPU
		{FFBF9D2A-446A-44F1-94A9-09F627E31C08}.Debug|Any CPU.ActiveCfg = Debug|Any CPU
		{FFBF9D2A-446A-44F1-94A9-09F627E31C08}.Debug|Any CPU.Build.0 = Debug|Any CPU
		{FFBF9D2A-446A-44F1-94A9-09F627E31C08}.Release|Any CPU.ActiveCfg = Release|Any CPU
		{FFBF9D2A-446A-44F1-94A9-09F627E31C08}.Release|Any CPU.Build.0 = Release|Any CPU
		{4CA6718E-4416-420A-BC0A-9C744F7A9287}.Debug|Any CPU.ActiveCfg = Debug|Any CPU
		{4CA6718E-4416-420A-BC0A-9C744F7A9287}.Debug|Any CPU.Build.0 = Debug|Any CPU
		{4CA6718E-4416-420A-BC0A-9C744F7A9287}.Release|Any CPU.ActiveCfg = Release|Any CPU
		{4CA6718E-4416-420A-BC0A-9C744F7A9287}.Release|Any CPU.Build.0 = Release|Any CPU
		{6F3E08A3-3A41-4FCD-B64D-82E4D6E1354A}.Debug|Any CPU.ActiveCfg = Debug|Any CPU
		{6F3E08A3-3A41-4FCD-B64D-82E4D6E1354A}.Debug|Any CPU.Build.0 = Debug|Any CPU
		{6F3E08A3-3A41-4FCD-B64D-82E4D6E1354A}.Release|Any CPU.ActiveCfg = Release|Any CPU
		{6F3E08A3-3A41-4FCD-B64D-82E4D6E1354A}.Release|Any CPU.Build.0 = Release|Any CPU
		{339DC524-A6BE-4A48-890A-F1E892561D31}.Debug|Any CPU.ActiveCfg = Debug|Any CPU
		{339DC524-A6BE-4A48-890A-F1E892561D31}.Debug|Any CPU.Build.0 = Debug|Any CPU
		{339DC524-A6BE-4A48-890A-F1E892561D31}.Release|Any CPU.ActiveCfg = Release|Any CPU
		{339DC524-A6BE-4A48-890A-F1E892561D31}.Release|Any CPU.Build.0 = Release|Any CPU
		{E123B0F4-4544-4D99-AAB6-184DFBB93752}.Debug|Any CPU.ActiveCfg = Debug|Any CPU
		{E123B0F4-4544-4D99-AAB6-184DFBB93752}.Debug|Any CPU.Build.0 = Debug|Any CPU
		{E123B0F4-4544-4D99-AAB6-184DFBB93752}.Release|Any CPU.ActiveCfg = Release|Any CPU
		{E123B0F4-4544-4D99-AAB6-184DFBB93752}.Release|Any CPU.Build.0 = Release|Any CPU
		{AC9BD3FB-A3CA-4D51-8F8B-ABAE04328768}.Debug|Any CPU.ActiveCfg = Debug|Any CPU
		{AC9BD3FB-A3CA-4D51-8F8B-ABAE04328768}.Debug|Any CPU.Build.0 = Debug|Any CPU
		{AC9BD3FB-A3CA-4D51-8F8B-ABAE04328768}.Release|Any CPU.ActiveCfg = Release|Any CPU
		{AC9BD3FB-A3CA-4D51-8F8B-ABAE04328768}.Release|Any CPU.Build.0 = Release|Any CPU
		{6E06C869-B896-4CF2-A3FB-E61F2DCC8E22}.Debug|Any CPU.ActiveCfg = Debug|Any CPU
		{6E06C869-B896-4CF2-A3FB-E61F2DCC8E22}.Debug|Any CPU.Build.0 = Debug|Any CPU
		{6E06C869-B896-4CF2-A3FB-E61F2DCC8E22}.Release|Any CPU.ActiveCfg = Release|Any CPU
		{6E06C869-B896-4CF2-A3FB-E61F2DCC8E22}.Release|Any CPU.Build.0 = Release|Any CPU
		{758A498C-90A5-48F8-90DF-10628F94A274}.Debug|Any CPU.ActiveCfg = Debug|Any CPU
		{758A498C-90A5-48F8-90DF-10628F94A274}.Debug|Any CPU.Build.0 = Debug|Any CPU
		{758A498C-90A5-48F8-90DF-10628F94A274}.Release|Any CPU.ActiveCfg = Release|Any CPU
		{758A498C-90A5-48F8-90DF-10628F94A274}.Release|Any CPU.Build.0 = Release|Any CPU
		{4C4D93D5-77B8-45BD-913E-2CA9971F54F1}.Debug|Any CPU.ActiveCfg = Debug|Any CPU
		{4C4D93D5-77B8-45BD-913E-2CA9971F54F1}.Debug|Any CPU.Build.0 = Debug|Any CPU
		{4C4D93D5-77B8-45BD-913E-2CA9971F54F1}.Release|Any CPU.ActiveCfg = Release|Any CPU
		{4C4D93D5-77B8-45BD-913E-2CA9971F54F1}.Release|Any CPU.Build.0 = Release|Any CPU
		{3E8184EE-E87E-422C-9AD9-8BFE2C8672EC}.Debug|Any CPU.ActiveCfg = Debug|Any CPU
		{3E8184EE-E87E-422C-9AD9-8BFE2C8672EC}.Debug|Any CPU.Build.0 = Debug|Any CPU
		{3E8184EE-E87E-422C-9AD9-8BFE2C8672EC}.Release|Any CPU.ActiveCfg = Release|Any CPU
		{3E8184EE-E87E-422C-9AD9-8BFE2C8672EC}.Release|Any CPU.Build.0 = Release|Any CPU
		{29C1D15C-343F-4144-B2FC-DCE9CE392AAD}.Debug|Any CPU.ActiveCfg = Debug|Any CPU
		{29C1D15C-343F-4144-B2FC-DCE9CE392AAD}.Debug|Any CPU.Build.0 = Debug|Any CPU
		{29C1D15C-343F-4144-B2FC-DCE9CE392AAD}.Release|Any CPU.ActiveCfg = Release|Any CPU
		{29C1D15C-343F-4144-B2FC-DCE9CE392AAD}.Release|Any CPU.Build.0 = Release|Any CPU
		{BA25E31D-9BD3-4764-A0ED-569CFFB4D149}.Debug|Any CPU.ActiveCfg = Debug|Any CPU
		{BA25E31D-9BD3-4764-A0ED-569CFFB4D149}.Debug|Any CPU.Build.0 = Debug|Any CPU
		{BA25E31D-9BD3-4764-A0ED-569CFFB4D149}.Release|Any CPU.ActiveCfg = Release|Any CPU
		{BA25E31D-9BD3-4764-A0ED-569CFFB4D149}.Release|Any CPU.Build.0 = Release|Any CPU
		{B34AC894-B1ED-495C-9C03-A78C2D5EC379}.Debug|Any CPU.ActiveCfg = Debug|Any CPU
		{B34AC894-B1ED-495C-9C03-A78C2D5EC379}.Debug|Any CPU.Build.0 = Debug|Any CPU
		{B34AC894-B1ED-495C-9C03-A78C2D5EC379}.Release|Any CPU.ActiveCfg = Release|Any CPU
		{B34AC894-B1ED-495C-9C03-A78C2D5EC379}.Release|Any CPU.Build.0 = Release|Any CPU
		{5D0A8F8A-357B-4C6C-A3DA-BC22D35A0255}.Debug|Any CPU.ActiveCfg = Debug|Any CPU
		{5D0A8F8A-357B-4C6C-A3DA-BC22D35A0255}.Debug|Any CPU.Build.0 = Debug|Any CPU
		{5D0A8F8A-357B-4C6C-A3DA-BC22D35A0255}.Release|Any CPU.ActiveCfg = Release|Any CPU
		{5D0A8F8A-357B-4C6C-A3DA-BC22D35A0255}.Release|Any CPU.Build.0 = Release|Any CPU
		{74E91AD2-3976-41F4-976E-7F6FE03C5B3A}.Debug|Any CPU.ActiveCfg = Debug|Any CPU
		{74E91AD2-3976-41F4-976E-7F6FE03C5B3A}.Debug|Any CPU.Build.0 = Debug|Any CPU
		{74E91AD2-3976-41F4-976E-7F6FE03C5B3A}.Release|Any CPU.ActiveCfg = Release|Any CPU
		{74E91AD2-3976-41F4-976E-7F6FE03C5B3A}.Release|Any CPU.Build.0 = Release|Any CPU
		{079EE574-6B3A-486A-9D0D-A3060B00B4BE}.Debug|Any CPU.ActiveCfg = Debug|Any CPU
		{079EE574-6B3A-486A-9D0D-A3060B00B4BE}.Debug|Any CPU.Build.0 = Debug|Any CPU
		{079EE574-6B3A-486A-9D0D-A3060B00B4BE}.Release|Any CPU.ActiveCfg = Release|Any CPU
		{079EE574-6B3A-486A-9D0D-A3060B00B4BE}.Release|Any CPU.Build.0 = Release|Any CPU
		{4C905724-69B2-48C1-99FA-050E2BB0AE26}.Debug|Any CPU.ActiveCfg = Debug|Any CPU
		{4C905724-69B2-48C1-99FA-050E2BB0AE26}.Debug|Any CPU.Build.0 = Debug|Any CPU
		{4C905724-69B2-48C1-99FA-050E2BB0AE26}.Release|Any CPU.ActiveCfg = Release|Any CPU
		{4C905724-69B2-48C1-99FA-050E2BB0AE26}.Release|Any CPU.Build.0 = Release|Any CPU
		{11C264FF-56E4-4830-BA45-D56BF91C9251}.Debug|Any CPU.ActiveCfg = Debug|Any CPU
		{11C264FF-56E4-4830-BA45-D56BF91C9251}.Debug|Any CPU.Build.0 = Debug|Any CPU
		{11C264FF-56E4-4830-BA45-D56BF91C9251}.Release|Any CPU.ActiveCfg = Release|Any CPU
		{11C264FF-56E4-4830-BA45-D56BF91C9251}.Release|Any CPU.Build.0 = Release|Any CPU
		{1333861B-C3B5-4FDB-83B9-BA473CF2E25D}.Debug|Any CPU.ActiveCfg = Debug|Any CPU
		{1333861B-C3B5-4FDB-83B9-BA473CF2E25D}.Debug|Any CPU.Build.0 = Debug|Any CPU
		{1333861B-C3B5-4FDB-83B9-BA473CF2E25D}.Release|Any CPU.ActiveCfg = Release|Any CPU
		{1333861B-C3B5-4FDB-83B9-BA473CF2E25D}.Release|Any CPU.Build.0 = Release|Any CPU
	EndGlobalSection
	GlobalSection(SolutionProperties) = preSolution
		HideSolutionNode = FALSE
	EndGlobalSection
	GlobalSection(NestedProjects) = preSolution
		{D0D8625C-F512-47B4-A25D-44E4C9EC455B} = {6A05DF64-88D8-4839-98A0-785F3F512A6D}
		{F6E7E739-5ACF-4836-8D92-1BAD7B1DBE29} = {6A05DF64-88D8-4839-98A0-785F3F512A6D}
		{16EEDC7E-6308-4AE5-B21A-2B242FB80E80} = {6A05DF64-88D8-4839-98A0-785F3F512A6D}
		{D70EADCF-9AB4-40D3-B540-ED99DC68A1B1} = {6A05DF64-88D8-4839-98A0-785F3F512A6D}
		{452896D8-7BF0-4879-AE2E-4146B00C38E7} = {6A05DF64-88D8-4839-98A0-785F3F512A6D}
		{595A38A9-DC9B-46D7-B641-64C2BA5D5FAE} = {B374D4C0-1865-4032-8315-91C1EB4D4B21}
		{FFBF9D2A-446A-44F1-94A9-09F627E31C08} = {B374D4C0-1865-4032-8315-91C1EB4D4B21}
		{4CA6718E-4416-420A-BC0A-9C744F7A9287} = {B374D4C0-1865-4032-8315-91C1EB4D4B21}
		{6F3E08A3-3A41-4FCD-B64D-82E4D6E1354A} = {B374D4C0-1865-4032-8315-91C1EB4D4B21}
		{339DC524-A6BE-4A48-890A-F1E892561D31} = {B374D4C0-1865-4032-8315-91C1EB4D4B21}
		{E123B0F4-4544-4D99-AAB6-184DFBB93752} = {B374D4C0-1865-4032-8315-91C1EB4D4B21}
		{AC9BD3FB-A3CA-4D51-8F8B-ABAE04328768} = {B374D4C0-1865-4032-8315-91C1EB4D4B21}
		{6E06C869-B896-4CF2-A3FB-E61F2DCC8E22} = {B374D4C0-1865-4032-8315-91C1EB4D4B21}
		{758A498C-90A5-48F8-90DF-10628F94A274} = {B374D4C0-1865-4032-8315-91C1EB4D4B21}
		{4C4D93D5-77B8-45BD-913E-2CA9971F54F1} = {1EF9A032-328F-4ACF-BD04-C37E28A80AD7}
		{3E8184EE-E87E-422C-9AD9-8BFE2C8672EC} = {1EF9A032-328F-4ACF-BD04-C37E28A80AD7}
		{29C1D15C-343F-4144-B2FC-DCE9CE392AAD} = {1EF9A032-328F-4ACF-BD04-C37E28A80AD7}
		{BA25E31D-9BD3-4764-A0ED-569CFFB4D149} = {1EF9A032-328F-4ACF-BD04-C37E28A80AD7}
		{B34AC894-B1ED-495C-9C03-A78C2D5EC379} = {B374D4C0-1865-4032-8315-91C1EB4D4B21}
		{5D0A8F8A-357B-4C6C-A3DA-BC22D35A0255} = {B374D4C0-1865-4032-8315-91C1EB4D4B21}
		{74E91AD2-3976-41F4-976E-7F6FE03C5B3A} = {B374D4C0-1865-4032-8315-91C1EB4D4B21}
		{079EE574-6B3A-486A-9D0D-A3060B00B4BE} = {DC52D4C2-ADD0-4A69-8AB2-037CBE81EFB2}
		{4C905724-69B2-48C1-99FA-050E2BB0AE26} = {DC52D4C2-ADD0-4A69-8AB2-037CBE81EFB2}
		{11C264FF-56E4-4830-BA45-D56BF91C9251} = {DC52D4C2-ADD0-4A69-8AB2-037CBE81EFB2}
		{1333861B-C3B5-4FDB-83B9-BA473CF2E25D} = {DC52D4C2-ADD0-4A69-8AB2-037CBE81EFB2}
	EndGlobalSection
	GlobalSection(ExtensibilityGlobals) = postSolution
		SolutionGuid = {6AD6DC20-5849-4A61-A23D-351C5583DCF0}
	EndGlobalSection
EndGlobal
