
Microsoft Visual Studio Solution File, Format Version 12.00
# Visual Studio Version 17
VisualStudioVersion = 17.10.34928.147
MinimumVisualStudioVersion = 10.0.40219.1
Project("{2150E333-8FDC-42A3-9474-1A3956D46DE8}") = "ClassWork", "ClassWork", "{B374D4C0-1865-4032-8315-91C1EB4D4B21}"
EndProject
Project("{2150E333-8FDC-42A3-9474-1A3956D46DE8}") = "HomeWork", "HomeWork", "{6A05DF64-88D8-4839-98A0-785F3F512A6D}"
	ProjectSection(SolutionItems) = preProject
		Lesson15\HW_8_IuriiSylaiev.sql = Lesson15\HW_8_IuriiSylaiev.sql
		Lesson16\HW_9_Hospital_IuriiSylaiev&additional 1.sql = Lesson16\HW_9_Hospital_IuriiSylaiev&additional 1.sql
	EndProjectSection
EndProject
Project("{9A19103F-16F7-4668-BE54-9A1E7A4F7556}") = "HW_1_Classes_And_Git", "HW_1_Classes_And_Git\HW_1_Classes_And_Git.csproj", "{D0D8625C-F512-47B4-A25D-44E4C9EC455B}"
EndProject
Project("{9A19103F-16F7-4668-BE54-9A1E7A4F7556}") = "HW_2_OOP_Principles", "HW_2_OOP_Principles\HW_2_OOP_Principles.csproj", "{F6E7E739-5ACF-4836-8D92-1BAD7B1DBE29}"
EndProject
Project("{9A19103F-16F7-4668-BE54-9A1E7A4F7556}") = "HW_3_AbstractClasses_And_Interfaces", "HW_3_AbstractClasses_And_Interfaces\HW_3_AbstractClasses_And_Interfaces.csproj", "{16EEDC7E-6308-4AE5-B21A-2B242FB80E80}"
EndProject
Project("{9A19103F-16F7-4668-BE54-9A1E7A4F7556}") = "HW_4._Operator_overload", "HW_4_Operator_overload\HW_4._Operator_overload.csproj", "{D70EADCF-9AB4-40D3-B540-ED99DC68A1B1}"
EndProject
Project("{9A19103F-16F7-4668-BE54-9A1E7A4F7556}") = "HW_5_GarbageCollector", "HW_5_GarbageCollector\HW_5_GarbageCollector.csproj", "{452896D8-7BF0-4879-AE2E-4146B00C38E7}"
EndProject
Project("{2150E333-8FDC-42A3-9474-1A3956D46DE8}") = "MyDoctorAppointment", "MyDoctorAppointment", "{DC52D4C2-ADD0-4A69-8AB2-037CBE81EFB2}"
EndProject
Project("{9A19103F-16F7-4668-BE54-9A1E7A4F7556}") = "MyDoctorAppointment", "MyDoctorAppointment\MyDoctorAppointment\MyDoctorAppointment.csproj", "{079EE574-6B3A-486A-9D0D-A3060B00B4BE}"
EndProject
Project("{9A19103F-16F7-4668-BE54-9A1E7A4F7556}") = "MyDoctorAppointment.Data", "MyDoctorAppointment\MyDoctorAppointment.Data\MyDoctorAppointment.Data.csproj", "{4C905724-69B2-48C1-99FA-050E2BB0AE26}"
EndProject
Project("{9A19103F-16F7-4668-BE54-9A1E7A4F7556}") = "MyDoctorAppointment.Domain", "MyDoctorAppointment\MyDoctorAppointment.Domain\MyDoctorAppointment.Domain.csproj", "{11C264FF-56E4-4830-BA45-D56BF91C9251}"
EndProject
Project("{9A19103F-16F7-4668-BE54-9A1E7A4F7556}") = "MyDoctorAppointment.Service", "MyDoctorAppointment\MyDoctorAppointment.Service\MyDoctorAppointment.Service.csproj", "{1333861B-C3B5-4FDB-83B9-BA473CF2E25D}"
EndProject
Project("{9A19103F-16F7-4668-BE54-9A1E7A4F7556}") = "HW_7_Threading", "HW_7_Threading\HW_7_Threading.csproj", "{231B9666-073B-4139-A21C-F8B8BA15EFA9}"
EndProject
Project("{2150E333-8FDC-42A3-9474-1A3956D46DE8}") = "Lesson_14 - WPF - SynchronizationContext", "Lesson_14 - WPF - SynchronizationContext", "{F07C715D-2958-4491-8715-1A6AA33BB15B}"
EndProject
Project("{9A19103F-16F7-4668-BE54-9A1E7A4F7556}") = "EventExamples", "Lesson14\EventExamples\EventExamples\EventExamples.csproj", "{0AB1210F-7058-44FB-BF82-99CCBA9ADF40}"
EndProject
Project("{9A19103F-16F7-4668-BE54-9A1E7A4F7556}") = "SynchronizationContextDemo", "Lesson14\SynchronizationContextDemo\SynchronizationContextDemo\SynchronizationContextDemo.csproj", "{AA66A52E-87DF-4F0E-BD31-27D54E4789CE}"
EndProject
Project("{9A19103F-16F7-4668-BE54-9A1E7A4F7556}") = "Client", "Lesson14\ClientServerChatWPF\ClientServerChatWPF\Client.csproj", "{ECCF350F-390D-43DF-9DF9-FD1945A87AB3}"
EndProject
Project("{9A19103F-16F7-4668-BE54-9A1E7A4F7556}") = "Server", "Lesson14\ClientServerChatWPF\Server\Server.csproj", "{8FBF88A4-6126-47AC-A5C4-3968BFE3758C}"
EndProject
Project("{D954291E-2A0B-460D-934E-DC6B0785DB48}") = "Share", "Lesson14\ClientServerChatWPF\Share\Share.shproj", "{44170D02-CB96-421C-AE2B-063F1A51C75A}"
EndProject
Project("{2150E333-8FDC-42A3-9474-1A3956D46DE8}") = "ClientServerChatWPF", "ClientServerChatWPF", "{59AC20E4-00D4-42D0-9EC2-23FA3E90A29B}"
EndProject
Project("{2150E333-8FDC-42A3-9474-1A3956D46DE8}") = "Lesson_01 - Git, Classes", "Lesson_01 - Git, Classes", "{760D7C6D-6293-410C-9960-720416B3C47B}"
	ProjectSection(SolutionItems) = preProject
		Lesson1\DotNet.pptx = Lesson1\DotNet.pptx
		Lesson1\notes.txt = Lesson1\notes.txt
	EndProjectSection
EndProject
Project("{9A19103F-16F7-4668-BE54-9A1E7A4F7556}") = "Lesson_1", "Lesson1\CSharpPro_09_19_2024\CSharpPro_09_19_2024\Lesson_1.csproj", "{0531B783-83AC-4A13-8E02-59FA5E198C3B}"
EndProject
Project("{2150E333-8FDC-42A3-9474-1A3956D46DE8}") = "Lesson_02 - OOP", "Lesson_02 - OOP", "{7471394F-4EFD-4D17-8735-F9A7DD71ABD8}"
	ProjectSection(SolutionItems) = preProject
		Lesson2\note2.txt = Lesson2\note2.txt
	EndProjectSection
EndProject
Project("{9A19103F-16F7-4668-BE54-9A1E7A4F7556}") = "Lesson_2", "Lesson2\CSharpPro_12_18_2023\Lesson_2.csproj", "{C66C24AE-8544-41E4-9510-688640B72FC5}"
EndProject
Project("{2150E333-8FDC-42A3-9474-1A3956D46DE8}") = "Lesson_03 - Abstract Classes, Interfaces", "Lesson_03 - Abstract Classes, Interfaces", "{A7657562-21CE-4D8E-AAA6-9A7DF77615F1}"
	ProjectSection(SolutionItems) = preProject
		Lesson3\note3.txt = Lesson3\note3.txt
	EndProjectSection
EndProject
Project("{9A19103F-16F7-4668-BE54-9A1E7A4F7556}") = "Lesson_3", "Lesson3\CSharpPro_12_18_2023\Lesson_3.csproj", "{D75DCC74-7848-49F2-9CC1-227B284E7EF6}"
EndProject
Project("{2150E333-8FDC-42A3-9474-1A3956D46DE8}") = "Lesson_04 - Operator overload", "Lesson_04 - Operator overload", "{32CB1373-D097-48FA-8A73-6959DB602EFB}"
	ProjectSection(SolutionItems) = preProject
		Lesson4\note4.txt = Lesson4\note4.txt
	EndProjectSection
EndProject
Project("{9A19103F-16F7-4668-BE54-9A1E7A4F7556}") = "Lesson_4", "Lesson4\CSharpPro_12_18_2023\Lesson_4.csproj", "{84E6BF6B-4EBD-4ABA-8449-708D15B16C6F}"
EndProject
Project("{2150E333-8FDC-42A3-9474-1A3956D46DE8}") = "Lesson_05 - Generics", "Lesson_05 - Generics", "{6EEF504F-4B2C-4F62-83A6-79CFE63C02FB}"
EndProject
Project("{2150E333-8FDC-42A3-9474-1A3956D46DE8}") = "Lesson_06 - SOLID, KISS, DRY, YAGNI", "Lesson_06 - SOLID, KISS, DRY, YAGNI", "{72661352-394C-4111-B4CA-1459444E9F52}"
	ProjectSection(SolutionItems) = preProject
		Lesson6\note6.txt = Lesson6\note6.txt
	EndProjectSection
EndProject
Project("{9A19103F-16F7-4668-BE54-9A1E7A4F7556}") = "Lesson_6", "Lesson6\Lesson6\Lesson_6.csproj", "{886A8A7E-4888-4D6F-9AC6-F64761002675}"
EndProject
Project("{2150E333-8FDC-42A3-9474-1A3956D46DE8}") = "Lesson_07 - Garbage Collector, Using", "Lesson_07 - Garbage Collector, Using", "{4118183D-2828-4722-87E5-CFBF9D89665C}"
EndProject
Project("{9A19103F-16F7-4668-BE54-9A1E7A4F7556}") = "Lesson_07", "Lesson7\Lesson_07.csproj", "{AC5E841E-ECF3-4CA9-840A-FF1BECA853CD}"
EndProject
Project("{2150E333-8FDC-42A3-9474-1A3956D46DE8}") = "Lesson_08 - Delegates, Events", "Lesson_08 - Delegates, Events", "{2D4BE514-9D84-4D70-AF2F-E064D471A020}"
EndProject
Project("{9A19103F-16F7-4668-BE54-9A1E7A4F7556}") = "Lesson_08", "Lesson8\Lesson_08.csproj", "{C92BE8C0-97BC-4E48-B37F-C772A9473F0F}"
EndProject
Project("{2150E333-8FDC-42A3-9474-1A3956D46DE8}") = "Lesson_09 - JSON, XML, LINQ", "Lesson_09 - JSON, XML, LINQ", "{E50B27CF-4410-419D-ABC0-50F02BD96892}"
EndProject
Project("{9A19103F-16F7-4668-BE54-9A1E7A4F7556}") = "Lesson_09 - JSON,XML,LINQ", "Lesson9\Lesson_09 - JSON,XML,LINQ.csproj", "{B407F73F-733B-4DDA-9F6C-B53889DF21BA}"
EndProject
Project("{2150E333-8FDC-42A3-9474-1A3956D46DE8}") = "Lesson_10 - WinForms - ToDoList", "Lesson_10 - WinForms - ToDoList", "{9DC5C935-C9E7-495A-A653-EE187CFA3055}"
EndProject
Project("{9A19103F-16F7-4668-BE54-9A1E7A4F7556}") = "TodoListWF", "Lesson10\TodoList\TodoList\TodoListWF.csproj", "{43665755-1A44-4EDA-8DF9-D7016A3A785A}"
EndProject
Project("{9A19103F-16F7-4668-BE54-9A1E7A4F7556}") = "TodoListPlusWF", "Lesson10\TodoListPlus\TodoListPlus\TodoListPlusWF.csproj", "{0B153818-E51D-4F6E-AEF0-D173F3A4976E}"
EndProject
Project("{2150E333-8FDC-42A3-9474-1A3956D46DE8}") = "Lesson_11 - Thread, Task", "Lesson_11 - Thread, Task", "{34BF74C5-54BE-4A4B-877C-77EF242130D1}"
	ProjectSection(SolutionItems) = preProject
		Lesson11\notes.txt = Lesson11\notes.txt
	EndProjectSection
EndProject
Project("{2150E333-8FDC-42A3-9474-1A3956D46DE8}") = "Lesson_12 - Async, CancellationToken", "Lesson_12 - Async, CancellationToken", "{860CC2C6-B5C0-4B9E-AE52-99424E1C75C9}"
	ProjectSection(SolutionItems) = preProject
		Lesson12\notes.txt = Lesson12\notes.txt
	EndProjectSection
EndProject
Project("{9A19103F-16F7-4668-BE54-9A1E7A4F7556}") = "Lesson_12", "Lesson12\Lesson_12.csproj", "{471E055A-0F94-4296-B197-53A76802E472}"
EndProject
Project("{2150E333-8FDC-42A3-9474-1A3956D46DE8}") = "Lesson_13 - WPF - FileCopier", "Lesson_13 - WPF - FileCopier", "{FCCBC99B-CB9D-4B96-A652-22A6C47DECDD}"
	ProjectSection(SolutionItems) = preProject
		Lesson13\MVVM Pattern.pptx = Lesson13\MVVM Pattern.pptx
		Lesson13\notes.txt = Lesson13\notes.txt
	EndProjectSection
EndProject
Project("{9A19103F-16F7-4668-BE54-9A1E7A4F7556}") = "Lesson_5", "Lesson5\Lesson_5.csproj", "{7CCA3678-7439-4F55-9529-D8A44FC90EC2}"
EndProject
Project("{9A19103F-16F7-4668-BE54-9A1E7A4F7556}") = "Lesson_11 - Thread,Task", "Lesson11\Lesson_11 - Thread,Task.csproj", "{E23E9058-8500-496E-8CC3-01846F9A7188}"
EndProject
Project("{2150E333-8FDC-42A3-9474-1A3956D46DE8}") = "CopyFilesWPF", "CopyFilesWPF", "{E0080421-5921-44D0-A201-56C9034FB002}"
EndProject
Project("{9A19103F-16F7-4668-BE54-9A1E7A4F7556}") = "CopyFilesWPF", "Lesson13\CopyFilesWPF\CopyFilesWPF\CopyFilesWPF.csproj", "{E38C304D-F7D2-4E2A-B410-E8720B0416B8}"
EndProject
Project("{2150E333-8FDC-42A3-9474-1A3956D46DE8}") = "Lesson_15 - Intro to MS SQL", "Lesson_15 - Intro to MS SQL", "{C3047DED-9AA6-453F-9606-E26CF4091BF7}"
	ProjectSection(SolutionItems) = preProject
		Lesson15\notes.txt = Lesson15\notes.txt
		Lesson15\Results.json = Lesson15\Results.json
		Lesson15\Results.md = Lesson15\Results.md
		Lesson15\Results.xlsx = Lesson15\Results.xlsx
		Lesson15\Results.xml = Lesson15\Results.xml
		Lesson15\SQL_Lesson_1.sql = Lesson15\SQL_Lesson_1.sql
		Lesson15\Теорія баз даних_part_1.pptx = Lesson15\Теорія баз даних_part_1.pptx
	EndProjectSection
EndProject
Project("{2150E333-8FDC-42A3-9474-1A3956D46DE8}") = "Lesson_16 - SQL, GroupBy, JOIN", "Lesson_16 - SQL, GroupBy, JOIN", "{2842C34A-E9ED-43A0-8396-B55606F55245}"
	ProjectSection(SolutionItems) = preProject
		Lesson16\SQL_Lesson_2_materials\SQL_Lesson_2.sql = Lesson16\SQL_Lesson_2_materials\SQL_Lesson_2.sql
		Lesson16\sql_додаткове_завдання_1.txt = Lesson16\sql_додаткове_завдання_1.txt
		Lesson16\sql_додаткове_завдання_2.txt = Lesson16\sql_додаткове_завдання_2.txt
		Lesson16\Реляційні_бази_даних_part_2.pptx = Lesson16\Реляційні_бази_даних_part_2.pptx
	EndProjectSection
EndProject
Project("{2150E333-8FDC-42A3-9474-1A3956D46DE8}") = "Lesson_17 - SQL, Trigger, Procedure, Func", "Lesson_17 - SQL, Trigger, Procedure, Func", "{EDC657B8-8D68-4DAF-8FA3-5DE6BA88D943}"
	ProjectSection(SolutionItems) = preProject
		Lesson17\hw10request.txt = Lesson17\hw10request.txt
		Lesson17\notes.txt = Lesson17\notes.txt
		Lesson17\preparation_for_interview_list_of_sites.txt = Lesson17\preparation_for_interview_list_of_sites.txt
		Lesson17\SQL_Lesson_3.sql = Lesson17\SQL_Lesson_3.sql
		Lesson17\transactions_and_acid.pptx = Lesson17\transactions_and_acid.pptx
	EndProjectSection
EndProject
Project("{2150E333-8FDC-42A3-9474-1A3956D46DE8}") = "Lesson_18 - SQL, Indexes, roles", "Lesson_18 - SQL, Indexes, roles", "{79974310-A503-4E21-A11C-4064019E3396}"
	ProjectSection(SolutionItems) = preProject
		Lesson18\notes.txt = Lesson18\notes.txt
		Lesson18\preparation_for_interview_list_of_sites.txt = Lesson18\preparation_for_interview_list_of_sites.txt
		Lesson18\SQL_Indexes.pptx = Lesson18\SQL_Indexes.pptx
		Lesson18\SQL_Lesson_4.sql = Lesson18\SQL_Lesson_4.sql
		Lesson18\transactions_and_acid.pptx = Lesson18\transactions_and_acid.pptx
	EndProjectSection
EndProject
Project("{2150E333-8FDC-42A3-9474-1A3956D46DE8}") = "Lesson_19 - NOSQL. Mongo DB", "Lesson_19 - NOSQL. Mongo DB", "{DD47DEED-CFE0-4923-94AF-3F4A0D09CB3A}"
	ProjectSection(SolutionItems) = preProject
		Lesson19\notes.txt = Lesson19\notes.txt
	EndProjectSection
EndProject
Project("{FAE04EC0-301F-11D3-BF4B-00C04F79EFBC}") = "MongoDbDemo", "Lesson19\MongoDbDemo\MongoDbDemo\MongoDbDemo.csproj", "{D7B8D299-41E7-422E-9FF1-249160F1086C}"
EndProject
Project("{FAE04EC0-301F-11D3-BF4B-00C04F79EFBC}") = "BookShopApi", "Lesson19\BookShopApi\BookShopApi\BookShopApi\BookShopApi.csproj", "{935A164B-207B-4ED7-B282-F82289CE090F}"
EndProject
Project("{2150E333-8FDC-42A3-9474-1A3956D46DE8}") = "Lesson_20 - ADO.NET", "Lesson_20 - ADO.NET", "{3F7E7D08-3D2A-4F7C-A3E3-B545908C7D30}"
EndProject
Project("{FAE04EC0-301F-11D3-BF4B-00C04F79EFBC}") = "AdoNetDemoProject", "Lesson20\AdoNetDemoProject\AdoNetDemoProject\AdoNetDemoProject.csproj", "{B94B793F-60EB-4B37-8363-CCD8DCC4068C}"
EndProject
Project("{FAE04EC0-301F-11D3-BF4B-00C04F79EFBC}") = "WebApiWithAdoNetDemo", "Lesson20\WebApiWithAdoNetDemo\WebApiWithAdoNetDemo\WebApiWithAdoNetDemo.csproj", "{BADB2F59-01A6-435D-9FFE-878040B97613}"
EndProject
Project("{2150E333-8FDC-42A3-9474-1A3956D46DE8}") = "NetC#QuestionsAndTasks", "NetC#QuestionsAndTasks", "{28D2BC88-CFC3-40BE-A4FF-5CD6FA97D29C}"
	ProjectSection(SolutionItems) = preProject
		Lesson20\.NetC#QuestionsAndTasks\DotNetDiplomaTasks.docx = Lesson20\.NetC#QuestionsAndTasks\DotNetDiplomaTasks.docx
		Lesson20\.NetC#QuestionsAndTasks\List of links to help you prepare for your interview.txt = Lesson20\.NetC#QuestionsAndTasks\List of links to help you prepare for your interview.txt
		Lesson20\.NetC#QuestionsAndTasks\ВопросыDotNet.txt = Lesson20\.NetC#QuestionsAndTasks\ВопросыDotNet.txt
		Lesson20\.NetC#QuestionsAndTasks\ВопросыSqlServer.txt = Lesson20\.NetC#QuestionsAndTasks\ВопросыSqlServer.txt
	EndProjectSection
EndProject
Project("{2150E333-8FDC-42A3-9474-1A3956D46DE8}") = "Lesson_21 - HTML_CSS _JS", "Lesson_21 - HTML_CSS _JS", "{F920FD54-55A5-4AB9-95BA-3093220D7717}"
	ProjectSection(SolutionItems) = preProject
		Lesson21\notes.txt = Lesson21\notes.txt
	EndProjectSection
EndProject
Project("{2150E333-8FDC-42A3-9474-1A3956D46DE8}") = "Lesson_22 - ASP.NET Core", "Lesson_22 - ASP.NET Core", "{B8E38EC0-1278-4AA1-AE7C-2639F4602D96}"
	ProjectSection(SolutionItems) = preProject
		Lesson22\aspnetcore.txt = Lesson22\aspnetcore.txt
		Lesson22\notes.txt = Lesson22\notes.txt
	EndProjectSection
EndProject
Project("{FAE04EC0-301F-11D3-BF4B-00C04F79EFBC}") = "AspNetCoreFirst", "Lesson22\AspNetCoreFirst\WebApplication3\AspNetCoreFirst.csproj", "{9B85A436-23B1-47B1-9B4E-ABE8906D3178}"
EndProject
Global
	GlobalSection(SolutionConfigurationPlatforms) = preSolution
		Debug|Any CPU = Debug|Any CPU
		Debug|x86 = Debug|x86
		Release|Any CPU = Release|Any CPU
		Release|x86 = Release|x86
	EndGlobalSection
	GlobalSection(ProjectConfigurationPlatforms) = postSolution
		{D0D8625C-F512-47B4-A25D-44E4C9EC455B}.Debug|Any CPU.ActiveCfg = Debug|Any CPU
		{D0D8625C-F512-47B4-A25D-44E4C9EC455B}.Debug|Any CPU.Build.0 = Debug|Any CPU
		{D0D8625C-F512-47B4-A25D-44E4C9EC455B}.Debug|x86.ActiveCfg = Debug|Any CPU
		{D0D8625C-F512-47B4-A25D-44E4C9EC455B}.Debug|x86.Build.0 = Debug|Any CPU
		{D0D8625C-F512-47B4-A25D-44E4C9EC455B}.Release|Any CPU.ActiveCfg = Release|Any CPU
		{D0D8625C-F512-47B4-A25D-44E4C9EC455B}.Release|Any CPU.Build.0 = Release|Any CPU
		{D0D8625C-F512-47B4-A25D-44E4C9EC455B}.Release|x86.ActiveCfg = Release|Any CPU
		{D0D8625C-F512-47B4-A25D-44E4C9EC455B}.Release|x86.Build.0 = Release|Any CPU
		{F6E7E739-5ACF-4836-8D92-1BAD7B1DBE29}.Debug|Any CPU.ActiveCfg = Debug|Any CPU
		{F6E7E739-5ACF-4836-8D92-1BAD7B1DBE29}.Debug|Any CPU.Build.0 = Debug|Any CPU
		{F6E7E739-5ACF-4836-8D92-1BAD7B1DBE29}.Debug|x86.ActiveCfg = Debug|Any CPU
		{F6E7E739-5ACF-4836-8D92-1BAD7B1DBE29}.Debug|x86.Build.0 = Debug|Any CPU
		{F6E7E739-5ACF-4836-8D92-1BAD7B1DBE29}.Release|Any CPU.ActiveCfg = Release|Any CPU
		{F6E7E739-5ACF-4836-8D92-1BAD7B1DBE29}.Release|Any CPU.Build.0 = Release|Any CPU
		{F6E7E739-5ACF-4836-8D92-1BAD7B1DBE29}.Release|x86.ActiveCfg = Release|Any CPU
		{F6E7E739-5ACF-4836-8D92-1BAD7B1DBE29}.Release|x86.Build.0 = Release|Any CPU
		{16EEDC7E-6308-4AE5-B21A-2B242FB80E80}.Debug|Any CPU.ActiveCfg = Debug|Any CPU
		{16EEDC7E-6308-4AE5-B21A-2B242FB80E80}.Debug|Any CPU.Build.0 = Debug|Any CPU
		{16EEDC7E-6308-4AE5-B21A-2B242FB80E80}.Debug|x86.ActiveCfg = Debug|Any CPU
		{16EEDC7E-6308-4AE5-B21A-2B242FB80E80}.Debug|x86.Build.0 = Debug|Any CPU
		{16EEDC7E-6308-4AE5-B21A-2B242FB80E80}.Release|Any CPU.ActiveCfg = Release|Any CPU
		{16EEDC7E-6308-4AE5-B21A-2B242FB80E80}.Release|Any CPU.Build.0 = Release|Any CPU
		{16EEDC7E-6308-4AE5-B21A-2B242FB80E80}.Release|x86.ActiveCfg = Release|Any CPU
		{16EEDC7E-6308-4AE5-B21A-2B242FB80E80}.Release|x86.Build.0 = Release|Any CPU
		{D70EADCF-9AB4-40D3-B540-ED99DC68A1B1}.Debug|Any CPU.ActiveCfg = Debug|Any CPU
		{D70EADCF-9AB4-40D3-B540-ED99DC68A1B1}.Debug|Any CPU.Build.0 = Debug|Any CPU
		{D70EADCF-9AB4-40D3-B540-ED99DC68A1B1}.Debug|x86.ActiveCfg = Debug|Any CPU
		{D70EADCF-9AB4-40D3-B540-ED99DC68A1B1}.Debug|x86.Build.0 = Debug|Any CPU
		{D70EADCF-9AB4-40D3-B540-ED99DC68A1B1}.Release|Any CPU.ActiveCfg = Release|Any CPU
		{D70EADCF-9AB4-40D3-B540-ED99DC68A1B1}.Release|Any CPU.Build.0 = Release|Any CPU
		{D70EADCF-9AB4-40D3-B540-ED99DC68A1B1}.Release|x86.ActiveCfg = Release|Any CPU
		{D70EADCF-9AB4-40D3-B540-ED99DC68A1B1}.Release|x86.Build.0 = Release|Any CPU
		{452896D8-7BF0-4879-AE2E-4146B00C38E7}.Debug|Any CPU.ActiveCfg = Debug|Any CPU
		{452896D8-7BF0-4879-AE2E-4146B00C38E7}.Debug|Any CPU.Build.0 = Debug|Any CPU
		{452896D8-7BF0-4879-AE2E-4146B00C38E7}.Debug|x86.ActiveCfg = Debug|Any CPU
		{452896D8-7BF0-4879-AE2E-4146B00C38E7}.Debug|x86.Build.0 = Debug|Any CPU
		{452896D8-7BF0-4879-AE2E-4146B00C38E7}.Release|Any CPU.ActiveCfg = Release|Any CPU
		{452896D8-7BF0-4879-AE2E-4146B00C38E7}.Release|Any CPU.Build.0 = Release|Any CPU
		{452896D8-7BF0-4879-AE2E-4146B00C38E7}.Release|x86.ActiveCfg = Release|Any CPU
		{452896D8-7BF0-4879-AE2E-4146B00C38E7}.Release|x86.Build.0 = Release|Any CPU
		{079EE574-6B3A-486A-9D0D-A3060B00B4BE}.Debug|Any CPU.ActiveCfg = Debug|Any CPU
		{079EE574-6B3A-486A-9D0D-A3060B00B4BE}.Debug|Any CPU.Build.0 = Debug|Any CPU
		{079EE574-6B3A-486A-9D0D-A3060B00B4BE}.Debug|x86.ActiveCfg = Debug|Any CPU
		{079EE574-6B3A-486A-9D0D-A3060B00B4BE}.Debug|x86.Build.0 = Debug|Any CPU
		{079EE574-6B3A-486A-9D0D-A3060B00B4BE}.Release|Any CPU.ActiveCfg = Release|Any CPU
		{079EE574-6B3A-486A-9D0D-A3060B00B4BE}.Release|Any CPU.Build.0 = Release|Any CPU
		{079EE574-6B3A-486A-9D0D-A3060B00B4BE}.Release|x86.ActiveCfg = Release|Any CPU
		{079EE574-6B3A-486A-9D0D-A3060B00B4BE}.Release|x86.Build.0 = Release|Any CPU
		{4C905724-69B2-48C1-99FA-050E2BB0AE26}.Debug|Any CPU.ActiveCfg = Debug|Any CPU
		{4C905724-69B2-48C1-99FA-050E2BB0AE26}.Debug|Any CPU.Build.0 = Debug|Any CPU
		{4C905724-69B2-48C1-99FA-050E2BB0AE26}.Debug|x86.ActiveCfg = Debug|Any CPU
		{4C905724-69B2-48C1-99FA-050E2BB0AE26}.Debug|x86.Build.0 = Debug|Any CPU
		{4C905724-69B2-48C1-99FA-050E2BB0AE26}.Release|Any CPU.ActiveCfg = Release|Any CPU
		{4C905724-69B2-48C1-99FA-050E2BB0AE26}.Release|Any CPU.Build.0 = Release|Any CPU
		{4C905724-69B2-48C1-99FA-050E2BB0AE26}.Release|x86.ActiveCfg = Release|Any CPU
		{4C905724-69B2-48C1-99FA-050E2BB0AE26}.Release|x86.Build.0 = Release|Any CPU
		{11C264FF-56E4-4830-BA45-D56BF91C9251}.Debug|Any CPU.ActiveCfg = Debug|Any CPU
		{11C264FF-56E4-4830-BA45-D56BF91C9251}.Debug|Any CPU.Build.0 = Debug|Any CPU
		{11C264FF-56E4-4830-BA45-D56BF91C9251}.Debug|x86.ActiveCfg = Debug|Any CPU
		{11C264FF-56E4-4830-BA45-D56BF91C9251}.Debug|x86.Build.0 = Debug|Any CPU
		{11C264FF-56E4-4830-BA45-D56BF91C9251}.Release|Any CPU.ActiveCfg = Release|Any CPU
		{11C264FF-56E4-4830-BA45-D56BF91C9251}.Release|Any CPU.Build.0 = Release|Any CPU
		{11C264FF-56E4-4830-BA45-D56BF91C9251}.Release|x86.ActiveCfg = Release|Any CPU
		{11C264FF-56E4-4830-BA45-D56BF91C9251}.Release|x86.Build.0 = Release|Any CPU
		{1333861B-C3B5-4FDB-83B9-BA473CF2E25D}.Debug|Any CPU.ActiveCfg = Debug|Any CPU
		{1333861B-C3B5-4FDB-83B9-BA473CF2E25D}.Debug|Any CPU.Build.0 = Debug|Any CPU
		{1333861B-C3B5-4FDB-83B9-BA473CF2E25D}.Debug|x86.ActiveCfg = Debug|Any CPU
		{1333861B-C3B5-4FDB-83B9-BA473CF2E25D}.Debug|x86.Build.0 = Debug|Any CPU
		{1333861B-C3B5-4FDB-83B9-BA473CF2E25D}.Release|Any CPU.ActiveCfg = Release|Any CPU
		{1333861B-C3B5-4FDB-83B9-BA473CF2E25D}.Release|Any CPU.Build.0 = Release|Any CPU
		{1333861B-C3B5-4FDB-83B9-BA473CF2E25D}.Release|x86.ActiveCfg = Release|Any CPU
		{1333861B-C3B5-4FDB-83B9-BA473CF2E25D}.Release|x86.Build.0 = Release|Any CPU
		{231B9666-073B-4139-A21C-F8B8BA15EFA9}.Debug|Any CPU.ActiveCfg = Debug|Any CPU
		{231B9666-073B-4139-A21C-F8B8BA15EFA9}.Debug|Any CPU.Build.0 = Debug|Any CPU
		{231B9666-073B-4139-A21C-F8B8BA15EFA9}.Debug|x86.ActiveCfg = Debug|Any CPU
		{231B9666-073B-4139-A21C-F8B8BA15EFA9}.Debug|x86.Build.0 = Debug|Any CPU
		{231B9666-073B-4139-A21C-F8B8BA15EFA9}.Release|Any CPU.ActiveCfg = Release|Any CPU
		{231B9666-073B-4139-A21C-F8B8BA15EFA9}.Release|Any CPU.Build.0 = Release|Any CPU
		{231B9666-073B-4139-A21C-F8B8BA15EFA9}.Release|x86.ActiveCfg = Release|Any CPU
		{231B9666-073B-4139-A21C-F8B8BA15EFA9}.Release|x86.Build.0 = Release|Any CPU
		{0AB1210F-7058-44FB-BF82-99CCBA9ADF40}.Debug|Any CPU.ActiveCfg = Debug|Any CPU
		{0AB1210F-7058-44FB-BF82-99CCBA9ADF40}.Debug|Any CPU.Build.0 = Debug|Any CPU
		{0AB1210F-7058-44FB-BF82-99CCBA9ADF40}.Debug|x86.ActiveCfg = Debug|Any CPU
		{0AB1210F-7058-44FB-BF82-99CCBA9ADF40}.Debug|x86.Build.0 = Debug|Any CPU
		{0AB1210F-7058-44FB-BF82-99CCBA9ADF40}.Release|Any CPU.ActiveCfg = Release|Any CPU
		{0AB1210F-7058-44FB-BF82-99CCBA9ADF40}.Release|Any CPU.Build.0 = Release|Any CPU
		{0AB1210F-7058-44FB-BF82-99CCBA9ADF40}.Release|x86.ActiveCfg = Release|Any CPU
		{0AB1210F-7058-44FB-BF82-99CCBA9ADF40}.Release|x86.Build.0 = Release|Any CPU
		{AA66A52E-87DF-4F0E-BD31-27D54E4789CE}.Debug|Any CPU.ActiveCfg = Debug|Any CPU
		{AA66A52E-87DF-4F0E-BD31-27D54E4789CE}.Debug|Any CPU.Build.0 = Debug|Any CPU
		{AA66A52E-87DF-4F0E-BD31-27D54E4789CE}.Debug|x86.ActiveCfg = Debug|Any CPU
		{AA66A52E-87DF-4F0E-BD31-27D54E4789CE}.Debug|x86.Build.0 = Debug|Any CPU
		{AA66A52E-87DF-4F0E-BD31-27D54E4789CE}.Release|Any CPU.ActiveCfg = Release|Any CPU
		{AA66A52E-87DF-4F0E-BD31-27D54E4789CE}.Release|Any CPU.Build.0 = Release|Any CPU
		{AA66A52E-87DF-4F0E-BD31-27D54E4789CE}.Release|x86.ActiveCfg = Release|Any CPU
		{AA66A52E-87DF-4F0E-BD31-27D54E4789CE}.Release|x86.Build.0 = Release|Any CPU
		{ECCF350F-390D-43DF-9DF9-FD1945A87AB3}.Debug|Any CPU.ActiveCfg = Debug|Any CPU
		{ECCF350F-390D-43DF-9DF9-FD1945A87AB3}.Debug|Any CPU.Build.0 = Debug|Any CPU
		{ECCF350F-390D-43DF-9DF9-FD1945A87AB3}.Debug|x86.ActiveCfg = Debug|Any CPU
		{ECCF350F-390D-43DF-9DF9-FD1945A87AB3}.Debug|x86.Build.0 = Debug|Any CPU
		{ECCF350F-390D-43DF-9DF9-FD1945A87AB3}.Release|Any CPU.ActiveCfg = Release|Any CPU
		{ECCF350F-390D-43DF-9DF9-FD1945A87AB3}.Release|Any CPU.Build.0 = Release|Any CPU
		{ECCF350F-390D-43DF-9DF9-FD1945A87AB3}.Release|x86.ActiveCfg = Release|Any CPU
		{ECCF350F-390D-43DF-9DF9-FD1945A87AB3}.Release|x86.Build.0 = Release|Any CPU
		{8FBF88A4-6126-47AC-A5C4-3968BFE3758C}.Debug|Any CPU.ActiveCfg = Debug|Any CPU
		{8FBF88A4-6126-47AC-A5C4-3968BFE3758C}.Debug|Any CPU.Build.0 = Debug|Any CPU
		{8FBF88A4-6126-47AC-A5C4-3968BFE3758C}.Debug|x86.ActiveCfg = Debug|Any CPU
		{8FBF88A4-6126-47AC-A5C4-3968BFE3758C}.Debug|x86.Build.0 = Debug|Any CPU
		{8FBF88A4-6126-47AC-A5C4-3968BFE3758C}.Release|Any CPU.ActiveCfg = Release|Any CPU
		{8FBF88A4-6126-47AC-A5C4-3968BFE3758C}.Release|Any CPU.Build.0 = Release|Any CPU
		{8FBF88A4-6126-47AC-A5C4-3968BFE3758C}.Release|x86.ActiveCfg = Release|Any CPU
		{8FBF88A4-6126-47AC-A5C4-3968BFE3758C}.Release|x86.Build.0 = Release|Any CPU
		{0531B783-83AC-4A13-8E02-59FA5E198C3B}.Debug|Any CPU.ActiveCfg = Debug|Any CPU
		{0531B783-83AC-4A13-8E02-59FA5E198C3B}.Debug|Any CPU.Build.0 = Debug|Any CPU
		{0531B783-83AC-4A13-8E02-59FA5E198C3B}.Debug|x86.ActiveCfg = Debug|Any CPU
		{0531B783-83AC-4A13-8E02-59FA5E198C3B}.Debug|x86.Build.0 = Debug|Any CPU
		{0531B783-83AC-4A13-8E02-59FA5E198C3B}.Release|Any CPU.ActiveCfg = Release|Any CPU
		{0531B783-83AC-4A13-8E02-59FA5E198C3B}.Release|Any CPU.Build.0 = Release|Any CPU
		{0531B783-83AC-4A13-8E02-59FA5E198C3B}.Release|x86.ActiveCfg = Release|Any CPU
		{0531B783-83AC-4A13-8E02-59FA5E198C3B}.Release|x86.Build.0 = Release|Any CPU
		{C66C24AE-8544-41E4-9510-688640B72FC5}.Debug|Any CPU.ActiveCfg = Debug|Any CPU
		{C66C24AE-8544-41E4-9510-688640B72FC5}.Debug|Any CPU.Build.0 = Debug|Any CPU
		{C66C24AE-8544-41E4-9510-688640B72FC5}.Debug|x86.ActiveCfg = Debug|Any CPU
		{C66C24AE-8544-41E4-9510-688640B72FC5}.Release|Any CPU.ActiveCfg = Release|Any CPU
		{C66C24AE-8544-41E4-9510-688640B72FC5}.Release|Any CPU.Build.0 = Release|Any CPU
		{C66C24AE-8544-41E4-9510-688640B72FC5}.Release|x86.ActiveCfg = Release|Any CPU
		{D75DCC74-7848-49F2-9CC1-227B284E7EF6}.Debug|Any CPU.ActiveCfg = Debug|Any CPU
		{D75DCC74-7848-49F2-9CC1-227B284E7EF6}.Debug|Any CPU.Build.0 = Debug|Any CPU
		{D75DCC74-7848-49F2-9CC1-227B284E7EF6}.Debug|x86.ActiveCfg = Debug|Any CPU
		{D75DCC74-7848-49F2-9CC1-227B284E7EF6}.Release|Any CPU.ActiveCfg = Release|Any CPU
		{D75DCC74-7848-49F2-9CC1-227B284E7EF6}.Release|Any CPU.Build.0 = Release|Any CPU
		{D75DCC74-7848-49F2-9CC1-227B284E7EF6}.Release|x86.ActiveCfg = Release|Any CPU
		{84E6BF6B-4EBD-4ABA-8449-708D15B16C6F}.Debug|Any CPU.ActiveCfg = Debug|Any CPU
		{84E6BF6B-4EBD-4ABA-8449-708D15B16C6F}.Debug|Any CPU.Build.0 = Debug|Any CPU
		{84E6BF6B-4EBD-4ABA-8449-708D15B16C6F}.Debug|x86.ActiveCfg = Debug|Any CPU
		{84E6BF6B-4EBD-4ABA-8449-708D15B16C6F}.Release|Any CPU.ActiveCfg = Release|Any CPU
		{84E6BF6B-4EBD-4ABA-8449-708D15B16C6F}.Release|Any CPU.Build.0 = Release|Any CPU
		{84E6BF6B-4EBD-4ABA-8449-708D15B16C6F}.Release|x86.ActiveCfg = Release|Any CPU
		{886A8A7E-4888-4D6F-9AC6-F64761002675}.Debug|Any CPU.ActiveCfg = Debug|Any CPU
		{886A8A7E-4888-4D6F-9AC6-F64761002675}.Debug|Any CPU.Build.0 = Debug|Any CPU
		{886A8A7E-4888-4D6F-9AC6-F64761002675}.Debug|x86.ActiveCfg = Debug|Any CPU
		{886A8A7E-4888-4D6F-9AC6-F64761002675}.Debug|x86.Build.0 = Debug|Any CPU
		{886A8A7E-4888-4D6F-9AC6-F64761002675}.Release|Any CPU.ActiveCfg = Release|Any CPU
		{886A8A7E-4888-4D6F-9AC6-F64761002675}.Release|Any CPU.Build.0 = Release|Any CPU
		{886A8A7E-4888-4D6F-9AC6-F64761002675}.Release|x86.ActiveCfg = Release|Any CPU
		{886A8A7E-4888-4D6F-9AC6-F64761002675}.Release|x86.Build.0 = Release|Any CPU
		{AC5E841E-ECF3-4CA9-840A-FF1BECA853CD}.Debug|Any CPU.ActiveCfg = Debug|Any CPU
		{AC5E841E-ECF3-4CA9-840A-FF1BECA853CD}.Debug|Any CPU.Build.0 = Debug|Any CPU
		{AC5E841E-ECF3-4CA9-840A-FF1BECA853CD}.Debug|x86.ActiveCfg = Debug|Any CPU
		{AC5E841E-ECF3-4CA9-840A-FF1BECA853CD}.Debug|x86.Build.0 = Debug|Any CPU
		{AC5E841E-ECF3-4CA9-840A-FF1BECA853CD}.Release|Any CPU.ActiveCfg = Release|Any CPU
		{AC5E841E-ECF3-4CA9-840A-FF1BECA853CD}.Release|Any CPU.Build.0 = Release|Any CPU
		{AC5E841E-ECF3-4CA9-840A-FF1BECA853CD}.Release|x86.ActiveCfg = Release|Any CPU
		{AC5E841E-ECF3-4CA9-840A-FF1BECA853CD}.Release|x86.Build.0 = Release|Any CPU
		{C92BE8C0-97BC-4E48-B37F-C772A9473F0F}.Debug|Any CPU.ActiveCfg = Debug|Any CPU
		{C92BE8C0-97BC-4E48-B37F-C772A9473F0F}.Debug|Any CPU.Build.0 = Debug|Any CPU
		{C92BE8C0-97BC-4E48-B37F-C772A9473F0F}.Debug|x86.ActiveCfg = Debug|Any CPU
		{C92BE8C0-97BC-4E48-B37F-C772A9473F0F}.Debug|x86.Build.0 = Debug|Any CPU
		{C92BE8C0-97BC-4E48-B37F-C772A9473F0F}.Release|Any CPU.ActiveCfg = Release|Any CPU
		{C92BE8C0-97BC-4E48-B37F-C772A9473F0F}.Release|Any CPU.Build.0 = Release|Any CPU
		{C92BE8C0-97BC-4E48-B37F-C772A9473F0F}.Release|x86.ActiveCfg = Release|Any CPU
		{C92BE8C0-97BC-4E48-B37F-C772A9473F0F}.Release|x86.Build.0 = Release|Any CPU
		{B407F73F-733B-4DDA-9F6C-B53889DF21BA}.Debug|Any CPU.ActiveCfg = Debug|Any CPU
		{B407F73F-733B-4DDA-9F6C-B53889DF21BA}.Debug|Any CPU.Build.0 = Debug|Any CPU
		{B407F73F-733B-4DDA-9F6C-B53889DF21BA}.Debug|x86.ActiveCfg = Debug|Any CPU
		{B407F73F-733B-4DDA-9F6C-B53889DF21BA}.Debug|x86.Build.0 = Debug|Any CPU
		{B407F73F-733B-4DDA-9F6C-B53889DF21BA}.Release|Any CPU.ActiveCfg = Release|Any CPU
		{B407F73F-733B-4DDA-9F6C-B53889DF21BA}.Release|Any CPU.Build.0 = Release|Any CPU
		{B407F73F-733B-4DDA-9F6C-B53889DF21BA}.Release|x86.ActiveCfg = Release|Any CPU
		{B407F73F-733B-4DDA-9F6C-B53889DF21BA}.Release|x86.Build.0 = Release|Any CPU
		{43665755-1A44-4EDA-8DF9-D7016A3A785A}.Debug|Any CPU.ActiveCfg = Debug|Any CPU
		{43665755-1A44-4EDA-8DF9-D7016A3A785A}.Debug|Any CPU.Build.0 = Debug|Any CPU
		{43665755-1A44-4EDA-8DF9-D7016A3A785A}.Debug|x86.ActiveCfg = Debug|Any CPU
		{43665755-1A44-4EDA-8DF9-D7016A3A785A}.Debug|x86.Build.0 = Debug|Any CPU
		{43665755-1A44-4EDA-8DF9-D7016A3A785A}.Release|Any CPU.ActiveCfg = Release|Any CPU
		{43665755-1A44-4EDA-8DF9-D7016A3A785A}.Release|Any CPU.Build.0 = Release|Any CPU
		{43665755-1A44-4EDA-8DF9-D7016A3A785A}.Release|x86.ActiveCfg = Release|Any CPU
		{43665755-1A44-4EDA-8DF9-D7016A3A785A}.Release|x86.Build.0 = Release|Any CPU
		{0B153818-E51D-4F6E-AEF0-D173F3A4976E}.Debug|Any CPU.ActiveCfg = Debug|Any CPU
		{0B153818-E51D-4F6E-AEF0-D173F3A4976E}.Debug|Any CPU.Build.0 = Debug|Any CPU
		{0B153818-E51D-4F6E-AEF0-D173F3A4976E}.Debug|x86.ActiveCfg = Debug|Any CPU
		{0B153818-E51D-4F6E-AEF0-D173F3A4976E}.Debug|x86.Build.0 = Debug|Any CPU
		{0B153818-E51D-4F6E-AEF0-D173F3A4976E}.Release|Any CPU.ActiveCfg = Release|Any CPU
		{0B153818-E51D-4F6E-AEF0-D173F3A4976E}.Release|Any CPU.Build.0 = Release|Any CPU
		{0B153818-E51D-4F6E-AEF0-D173F3A4976E}.Release|x86.ActiveCfg = Release|Any CPU
		{0B153818-E51D-4F6E-AEF0-D173F3A4976E}.Release|x86.Build.0 = Release|Any CPU
		{471E055A-0F94-4296-B197-53A76802E472}.Debug|Any CPU.ActiveCfg = Debug|Any CPU
		{471E055A-0F94-4296-B197-53A76802E472}.Debug|Any CPU.Build.0 = Debug|Any CPU
		{471E055A-0F94-4296-B197-53A76802E472}.Debug|x86.ActiveCfg = Debug|Any CPU
		{471E055A-0F94-4296-B197-53A76802E472}.Debug|x86.Build.0 = Debug|Any CPU
		{471E055A-0F94-4296-B197-53A76802E472}.Release|Any CPU.ActiveCfg = Release|Any CPU
		{471E055A-0F94-4296-B197-53A76802E472}.Release|Any CPU.Build.0 = Release|Any CPU
		{471E055A-0F94-4296-B197-53A76802E472}.Release|x86.ActiveCfg = Release|Any CPU
		{471E055A-0F94-4296-B197-53A76802E472}.Release|x86.Build.0 = Release|Any CPU
		{7CCA3678-7439-4F55-9529-D8A44FC90EC2}.Debug|Any CPU.ActiveCfg = Debug|Any CPU
		{7CCA3678-7439-4F55-9529-D8A44FC90EC2}.Debug|Any CPU.Build.0 = Debug|Any CPU
		{7CCA3678-7439-4F55-9529-D8A44FC90EC2}.Debug|x86.ActiveCfg = Debug|Any CPU
		{7CCA3678-7439-4F55-9529-D8A44FC90EC2}.Debug|x86.Build.0 = Debug|Any CPU
		{7CCA3678-7439-4F55-9529-D8A44FC90EC2}.Release|Any CPU.ActiveCfg = Release|Any CPU
		{7CCA3678-7439-4F55-9529-D8A44FC90EC2}.Release|Any CPU.Build.0 = Release|Any CPU
		{7CCA3678-7439-4F55-9529-D8A44FC90EC2}.Release|x86.ActiveCfg = Release|Any CPU
		{7CCA3678-7439-4F55-9529-D8A44FC90EC2}.Release|x86.Build.0 = Release|Any CPU
		{E23E9058-8500-496E-8CC3-01846F9A7188}.Debug|Any CPU.ActiveCfg = Debug|Any CPU
		{E23E9058-8500-496E-8CC3-01846F9A7188}.Debug|Any CPU.Build.0 = Debug|Any CPU
		{E23E9058-8500-496E-8CC3-01846F9A7188}.Debug|x86.ActiveCfg = Debug|Any CPU
		{E23E9058-8500-496E-8CC3-01846F9A7188}.Debug|x86.Build.0 = Debug|Any CPU
		{E23E9058-8500-496E-8CC3-01846F9A7188}.Release|Any CPU.ActiveCfg = Release|Any CPU
		{E23E9058-8500-496E-8CC3-01846F9A7188}.Release|Any CPU.Build.0 = Release|Any CPU
		{E23E9058-8500-496E-8CC3-01846F9A7188}.Release|x86.ActiveCfg = Release|Any CPU
		{E23E9058-8500-496E-8CC3-01846F9A7188}.Release|x86.Build.0 = Release|Any CPU
		{E38C304D-F7D2-4E2A-B410-E8720B0416B8}.Debug|Any CPU.ActiveCfg = Debug|Any CPU
		{E38C304D-F7D2-4E2A-B410-E8720B0416B8}.Debug|Any CPU.Build.0 = Debug|Any CPU
		{E38C304D-F7D2-4E2A-B410-E8720B0416B8}.Debug|x86.ActiveCfg = Debug|Any CPU
		{E38C304D-F7D2-4E2A-B410-E8720B0416B8}.Debug|x86.Build.0 = Debug|Any CPU
		{E38C304D-F7D2-4E2A-B410-E8720B0416B8}.Release|Any CPU.ActiveCfg = Release|Any CPU
		{E38C304D-F7D2-4E2A-B410-E8720B0416B8}.Release|Any CPU.Build.0 = Release|Any CPU
		{E38C304D-F7D2-4E2A-B410-E8720B0416B8}.Release|x86.ActiveCfg = Release|Any CPU
		{E38C304D-F7D2-4E2A-B410-E8720B0416B8}.Release|x86.Build.0 = Release|Any CPU
		{D7B8D299-41E7-422E-9FF1-249160F1086C}.Debug|Any CPU.ActiveCfg = Debug|Any CPU
		{D7B8D299-41E7-422E-9FF1-249160F1086C}.Debug|Any CPU.Build.0 = Debug|Any CPU
		{D7B8D299-41E7-422E-9FF1-249160F1086C}.Debug|x86.ActiveCfg = Debug|Any CPU
		{D7B8D299-41E7-422E-9FF1-249160F1086C}.Debug|x86.Build.0 = Debug|Any CPU
		{D7B8D299-41E7-422E-9FF1-249160F1086C}.Release|Any CPU.ActiveCfg = Release|Any CPU
		{D7B8D299-41E7-422E-9FF1-249160F1086C}.Release|Any CPU.Build.0 = Release|Any CPU
		{D7B8D299-41E7-422E-9FF1-249160F1086C}.Release|x86.ActiveCfg = Release|Any CPU
		{D7B8D299-41E7-422E-9FF1-249160F1086C}.Release|x86.Build.0 = Release|Any CPU
		{935A164B-207B-4ED7-B282-F82289CE090F}.Debug|Any CPU.ActiveCfg = Debug|Any CPU
		{935A164B-207B-4ED7-B282-F82289CE090F}.Debug|Any CPU.Build.0 = Debug|Any CPU
		{935A164B-207B-4ED7-B282-F82289CE090F}.Debug|x86.ActiveCfg = Debug|Any CPU
		{935A164B-207B-4ED7-B282-F82289CE090F}.Debug|x86.Build.0 = Debug|Any CPU
		{935A164B-207B-4ED7-B282-F82289CE090F}.Release|Any CPU.ActiveCfg = Release|Any CPU
		{935A164B-207B-4ED7-B282-F82289CE090F}.Release|Any CPU.Build.0 = Release|Any CPU
		{935A164B-207B-4ED7-B282-F82289CE090F}.Release|x86.ActiveCfg = Release|Any CPU
		{935A164B-207B-4ED7-B282-F82289CE090F}.Release|x86.Build.0 = Release|Any CPU
		{B94B793F-60EB-4B37-8363-CCD8DCC4068C}.Debug|Any CPU.ActiveCfg = Debug|Any CPU
		{B94B793F-60EB-4B37-8363-CCD8DCC4068C}.Debug|Any CPU.Build.0 = Debug|Any CPU
		{B94B793F-60EB-4B37-8363-CCD8DCC4068C}.Debug|x86.ActiveCfg = Debug|Any CPU
		{B94B793F-60EB-4B37-8363-CCD8DCC4068C}.Debug|x86.Build.0 = Debug|Any CPU
		{B94B793F-60EB-4B37-8363-CCD8DCC4068C}.Release|Any CPU.ActiveCfg = Release|Any CPU
		{B94B793F-60EB-4B37-8363-CCD8DCC4068C}.Release|Any CPU.Build.0 = Release|Any CPU
		{B94B793F-60EB-4B37-8363-CCD8DCC4068C}.Release|x86.ActiveCfg = Release|Any CPU
		{B94B793F-60EB-4B37-8363-CCD8DCC4068C}.Release|x86.Build.0 = Release|Any CPU
		{BADB2F59-01A6-435D-9FFE-878040B97613}.Debug|Any CPU.ActiveCfg = Debug|Any CPU
		{BADB2F59-01A6-435D-9FFE-878040B97613}.Debug|Any CPU.Build.0 = Debug|Any CPU
		{BADB2F59-01A6-435D-9FFE-878040B97613}.Debug|x86.ActiveCfg = Debug|Any CPU
		{BADB2F59-01A6-435D-9FFE-878040B97613}.Debug|x86.Build.0 = Debug|Any CPU
		{BADB2F59-01A6-435D-9FFE-878040B97613}.Release|Any CPU.ActiveCfg = Release|Any CPU
		{BADB2F59-01A6-435D-9FFE-878040B97613}.Release|Any CPU.Build.0 = Release|Any CPU
		{BADB2F59-01A6-435D-9FFE-878040B97613}.Release|x86.ActiveCfg = Release|Any CPU
		{BADB2F59-01A6-435D-9FFE-878040B97613}.Release|x86.Build.0 = Release|Any CPU
		{9B85A436-23B1-47B1-9B4E-ABE8906D3178}.Debug|Any CPU.ActiveCfg = Debug|Any CPU
		{9B85A436-23B1-47B1-9B4E-ABE8906D3178}.Debug|Any CPU.Build.0 = Debug|Any CPU
		{9B85A436-23B1-47B1-9B4E-ABE8906D3178}.Debug|x86.ActiveCfg = Debug|Any CPU
		{9B85A436-23B1-47B1-9B4E-ABE8906D3178}.Debug|x86.Build.0 = Debug|Any CPU
		{9B85A436-23B1-47B1-9B4E-ABE8906D3178}.Release|Any CPU.ActiveCfg = Release|Any CPU
		{9B85A436-23B1-47B1-9B4E-ABE8906D3178}.Release|Any CPU.Build.0 = Release|Any CPU
		{9B85A436-23B1-47B1-9B4E-ABE8906D3178}.Release|x86.ActiveCfg = Release|Any CPU
		{9B85A436-23B1-47B1-9B4E-ABE8906D3178}.Release|x86.Build.0 = Release|Any CPU
	EndGlobalSection
	GlobalSection(SolutionProperties) = preSolution
		HideSolutionNode = FALSE
	EndGlobalSection
	GlobalSection(NestedProjects) = preSolution
		{D0D8625C-F512-47B4-A25D-44E4C9EC455B} = {6A05DF64-88D8-4839-98A0-785F3F512A6D}
		{F6E7E739-5ACF-4836-8D92-1BAD7B1DBE29} = {6A05DF64-88D8-4839-98A0-785F3F512A6D}
		{16EEDC7E-6308-4AE5-B21A-2B242FB80E80} = {6A05DF64-88D8-4839-98A0-785F3F512A6D}
		{D70EADCF-9AB4-40D3-B540-ED99DC68A1B1} = {6A05DF64-88D8-4839-98A0-785F3F512A6D}
		{452896D8-7BF0-4879-AE2E-4146B00C38E7} = {6A05DF64-88D8-4839-98A0-785F3F512A6D}
		{079EE574-6B3A-486A-9D0D-A3060B00B4BE} = {DC52D4C2-ADD0-4A69-8AB2-037CBE81EFB2}
		{4C905724-69B2-48C1-99FA-050E2BB0AE26} = {DC52D4C2-ADD0-4A69-8AB2-037CBE81EFB2}
		{11C264FF-56E4-4830-BA45-D56BF91C9251} = {DC52D4C2-ADD0-4A69-8AB2-037CBE81EFB2}
		{1333861B-C3B5-4FDB-83B9-BA473CF2E25D} = {DC52D4C2-ADD0-4A69-8AB2-037CBE81EFB2}
		{231B9666-073B-4139-A21C-F8B8BA15EFA9} = {6A05DF64-88D8-4839-98A0-785F3F512A6D}
		{F07C715D-2958-4491-8715-1A6AA33BB15B} = {B374D4C0-1865-4032-8315-91C1EB4D4B21}
		{0AB1210F-7058-44FB-BF82-99CCBA9ADF40} = {F07C715D-2958-4491-8715-1A6AA33BB15B}
		{AA66A52E-87DF-4F0E-BD31-27D54E4789CE} = {F07C715D-2958-4491-8715-1A6AA33BB15B}
		{ECCF350F-390D-43DF-9DF9-FD1945A87AB3} = {59AC20E4-00D4-42D0-9EC2-23FA3E90A29B}
		{8FBF88A4-6126-47AC-A5C4-3968BFE3758C} = {59AC20E4-00D4-42D0-9EC2-23FA3E90A29B}
		{44170D02-CB96-421C-AE2B-063F1A51C75A} = {59AC20E4-00D4-42D0-9EC2-23FA3E90A29B}
		{59AC20E4-00D4-42D0-9EC2-23FA3E90A29B} = {F07C715D-2958-4491-8715-1A6AA33BB15B}
		{760D7C6D-6293-410C-9960-720416B3C47B} = {B374D4C0-1865-4032-8315-91C1EB4D4B21}
		{0531B783-83AC-4A13-8E02-59FA5E198C3B} = {760D7C6D-6293-410C-9960-720416B3C47B}
		{7471394F-4EFD-4D17-8735-F9A7DD71ABD8} = {B374D4C0-1865-4032-8315-91C1EB4D4B21}
		{C66C24AE-8544-41E4-9510-688640B72FC5} = {7471394F-4EFD-4D17-8735-F9A7DD71ABD8}
		{A7657562-21CE-4D8E-AAA6-9A7DF77615F1} = {B374D4C0-1865-4032-8315-91C1EB4D4B21}
		{D75DCC74-7848-49F2-9CC1-227B284E7EF6} = {A7657562-21CE-4D8E-AAA6-9A7DF77615F1}
		{32CB1373-D097-48FA-8A73-6959DB602EFB} = {B374D4C0-1865-4032-8315-91C1EB4D4B21}
		{84E6BF6B-4EBD-4ABA-8449-708D15B16C6F} = {32CB1373-D097-48FA-8A73-6959DB602EFB}
		{6EEF504F-4B2C-4F62-83A6-79CFE63C02FB} = {B374D4C0-1865-4032-8315-91C1EB4D4B21}
		{72661352-394C-4111-B4CA-1459444E9F52} = {B374D4C0-1865-4032-8315-91C1EB4D4B21}
		{886A8A7E-4888-4D6F-9AC6-F64761002675} = {72661352-394C-4111-B4CA-1459444E9F52}
		{4118183D-2828-4722-87E5-CFBF9D89665C} = {B374D4C0-1865-4032-8315-91C1EB4D4B21}
		{AC5E841E-ECF3-4CA9-840A-FF1BECA853CD} = {4118183D-2828-4722-87E5-CFBF9D89665C}
		{2D4BE514-9D84-4D70-AF2F-E064D471A020} = {B374D4C0-1865-4032-8315-91C1EB4D4B21}
		{C92BE8C0-97BC-4E48-B37F-C772A9473F0F} = {2D4BE514-9D84-4D70-AF2F-E064D471A020}
		{E50B27CF-4410-419D-ABC0-50F02BD96892} = {B374D4C0-1865-4032-8315-91C1EB4D4B21}
		{B407F73F-733B-4DDA-9F6C-B53889DF21BA} = {E50B27CF-4410-419D-ABC0-50F02BD96892}
		{9DC5C935-C9E7-495A-A653-EE187CFA3055} = {B374D4C0-1865-4032-8315-91C1EB4D4B21}
		{43665755-1A44-4EDA-8DF9-D7016A3A785A} = {9DC5C935-C9E7-495A-A653-EE187CFA3055}
		{0B153818-E51D-4F6E-AEF0-D173F3A4976E} = {9DC5C935-C9E7-495A-A653-EE187CFA3055}
		{34BF74C5-54BE-4A4B-877C-77EF242130D1} = {B374D4C0-1865-4032-8315-91C1EB4D4B21}
		{860CC2C6-B5C0-4B9E-AE52-99424E1C75C9} = {B374D4C0-1865-4032-8315-91C1EB4D4B21}
		{471E055A-0F94-4296-B197-53A76802E472} = {860CC2C6-B5C0-4B9E-AE52-99424E1C75C9}
		{FCCBC99B-CB9D-4B96-A652-22A6C47DECDD} = {B374D4C0-1865-4032-8315-91C1EB4D4B21}
		{7CCA3678-7439-4F55-9529-D8A44FC90EC2} = {6EEF504F-4B2C-4F62-83A6-79CFE63C02FB}
		{E23E9058-8500-496E-8CC3-01846F9A7188} = {34BF74C5-54BE-4A4B-877C-77EF242130D1}
		{E0080421-5921-44D0-A201-56C9034FB002} = {FCCBC99B-CB9D-4B96-A652-22A6C47DECDD}
		{E38C304D-F7D2-4E2A-B410-E8720B0416B8} = {E0080421-5921-44D0-A201-56C9034FB002}
		{C3047DED-9AA6-453F-9606-E26CF4091BF7} = {B374D4C0-1865-4032-8315-91C1EB4D4B21}
		{2842C34A-E9ED-43A0-8396-B55606F55245} = {B374D4C0-1865-4032-8315-91C1EB4D4B21}
		{EDC657B8-8D68-4DAF-8FA3-5DE6BA88D943} = {B374D4C0-1865-4032-8315-91C1EB4D4B21}
		{79974310-A503-4E21-A11C-4064019E3396} = {B374D4C0-1865-4032-8315-91C1EB4D4B21}
		{DD47DEED-CFE0-4923-94AF-3F4A0D09CB3A} = {B374D4C0-1865-4032-8315-91C1EB4D4B21}
		{D7B8D299-41E7-422E-9FF1-249160F1086C} = {DD47DEED-CFE0-4923-94AF-3F4A0D09CB3A}
		{935A164B-207B-4ED7-B282-F82289CE090F} = {DD47DEED-CFE0-4923-94AF-3F4A0D09CB3A}
		{3F7E7D08-3D2A-4F7C-A3E3-B545908C7D30} = {B374D4C0-1865-4032-8315-91C1EB4D4B21}
		{B94B793F-60EB-4B37-8363-CCD8DCC4068C} = {3F7E7D08-3D2A-4F7C-A3E3-B545908C7D30}
		{BADB2F59-01A6-435D-9FFE-878040B97613} = {3F7E7D08-3D2A-4F7C-A3E3-B545908C7D30}
		{28D2BC88-CFC3-40BE-A4FF-5CD6FA97D29C} = {3F7E7D08-3D2A-4F7C-A3E3-B545908C7D30}
		{F920FD54-55A5-4AB9-95BA-3093220D7717} = {B374D4C0-1865-4032-8315-91C1EB4D4B21}
		{B8E38EC0-1278-4AA1-AE7C-2639F4602D96} = {B374D4C0-1865-4032-8315-91C1EB4D4B21}
		{9B85A436-23B1-47B1-9B4E-ABE8906D3178} = {B8E38EC0-1278-4AA1-AE7C-2639F4602D96}
	EndGlobalSection
	GlobalSection(ExtensibilityGlobals) = postSolution
		SolutionGuid = {6AD6DC20-5849-4A61-A23D-351C5583DCF0}
	EndGlobalSection
	GlobalSection(SharedMSBuildProjectFiles) = preSolution
		Lesson14\ClientServerChatWPF\Share\Share.projitems*{44170d02-cb96-421c-ae2b-063f1a51c75a}*SharedItemsImports = 13
		Lesson14\ClientServerChatWPF\Share\Share.projitems*{8fbf88a4-6126-47ac-a5c4-3968bfe3758c}*SharedItemsImports = 5
		Lesson14\ClientServerChatWPF\Share\Share.projitems*{eccf350f-390d-43df-9df9-fd1945a87ab3}*SharedItemsImports = 5
	EndGlobalSection
EndGlobal
