
Microsoft Visual Studio Solution File, Format Version 12.00
# Visual Studio 15
VisualStudioVersion = 15.0.27130.2003
MinimumVisualStudioVersion = 10.0.40219.1
Project("{FAE04EC0-301F-11D3-BF4B-00C04F79EFBC}") = "ASP_NET_Identity", "ASP_NET_Identity\ASP_NET_Identity.csproj", "{EA7EF63F-37DA-4538-8F6B-D5BC8B418C60}"
EndProject
Global
	GlobalSection(SolutionConfigurationPlatforms) = preSolution
		Debug|Any CPU = Debug|Any CPU
		Release|Any CPU = Release|Any CPU
	EndGlobalSection
	GlobalSection(ProjectConfigurationPlatforms) = postSolution
		{EA7EF63F-37DA-4538-8F6B-D5BC8B418C60}.Debug|Any CPU.ActiveCfg = Debug|Any CPU
		{EA7EF63F-37DA-4538-8F6B-D5BC8B418C60}.Debug|Any CPU.Build.0 = Debug|Any CPU
		{EA7EF63F-37DA-4538-8F6B-D5BC8B418C60}.Release|Any CPU.ActiveCfg = Release|Any CPU
		{EA7EF63F-37DA-4538-8F6B-D5BC8B418C60}.Release|Any CPU.Build.0 = Release|Any CPU
	EndGlobalSection
	GlobalSection(SolutionProperties) = preSolution
		HideSolutionNode = FALSE
	EndGlobalSection
	GlobalSection(ExtensibilityGlobals) = postSolution
		SolutionGuid = {82E19F86-29D9-4A0C-B082-0250F6B633A7}
	EndGlobalSection
EndGlobal
