
Microsoft Visual Studio Solution File, Format Version 12.00
# Visual Studio Version 17
VisualStudioVersion = 17.5.33627.172
MinimumVisualStudioVersion = 10.0.40219.1
Project("{FAE04EC0-301F-11D3-BF4B-00C04F79EFBC}") = "BookShopApi", "BookShopApi\BookShopApi.csproj", "{DE28726B-5F0E-4CB4-AA01-5C86BCAAF606}"
EndProject
Global
	GlobalSection(SolutionConfigurationPlatforms) = preSolution
		Debug|Any CPU = Debug|Any CPU
		Release|Any CPU = Release|Any CPU
	EndGlobalSection
	GlobalSection(ProjectConfigurationPlatforms) = postSolution
		{DE28726B-5F0E-4CB4-AA01-5C86BCAAF606}.Debug|Any CPU.ActiveCfg = Debug|Any CPU
		{DE28726B-5F0E-4CB4-AA01-5C86BCAAF606}.Debug|Any CPU.Build.0 = Debug|Any CPU
		{DE28726B-5F0E-4CB4-AA01-5C86BCAAF606}.Release|Any CPU.ActiveCfg = Release|Any CPU
		{DE28726B-5F0E-4CB4-AA01-5C86BCAAF606}.Release|Any CPU.Build.0 = Release|Any CPU
	EndGlobalSection
	GlobalSection(SolutionProperties) = preSolution
		HideSolutionNode = FALSE
	EndGlobalSection
	GlobalSection(ExtensibilityGlobals) = postSolution
		SolutionGuid = {2E2403BA-8F6A-4119-9A5F-71B8ED9C4BF3}
	EndGlobalSection
EndGlobal
