
Microsoft Visual Studio Solution File, Format Version 12.00
# Visual Studio 15
VisualStudioVersion = 15.0.27130.2003
MinimumVisualStudioVersion = 10.0.40219.1
Project("{FAE04EC0-301F-11D3-BF4B-00C04F79EFBC}") = "RequestProcessingPipeline", "RequestProcessingPipeline\RequestProcessingPipeline.csproj", "{828CA9EE-D1A9-4F71-A90D-087D350D2935}"
EndProject
Global
	GlobalSection(SolutionConfigurationPlatforms) = preSolution
		Debug|Any CPU = Debug|Any CPU
		Release|Any CPU = Release|Any CPU
	EndGlobalSection
	GlobalSection(ProjectConfigurationPlatforms) = postSolution
		{828CA9EE-D1A9-4F71-A90D-087D350D2935}.Debug|Any CPU.ActiveCfg = Debug|Any CPU
		{828CA9EE-D1A9-4F71-A90D-087D350D2935}.Debug|Any CPU.Build.0 = Debug|Any CPU
		{828CA9EE-D1A9-4F71-A90D-087D350D2935}.Release|Any CPU.ActiveCfg = Release|Any CPU
		{828CA9EE-D1A9-4F71-A90D-087D350D2935}.Release|Any CPU.Build.0 = Release|Any CPU
	EndGlobalSection
	GlobalSection(SolutionProperties) = preSolution
		HideSolutionNode = FALSE
	EndGlobalSection
	GlobalSection(ExtensibilityGlobals) = postSolution
		SolutionGuid = {5B0B2137-DCCD-4B7B-B031-B040DDC42BE7}
	EndGlobalSection
EndGlobal
