
Microsoft Visual Studio Solution File, Format Version 12.00
# Visual Studio Version 17
VisualStudioVersion = 17.10.34928.147
MinimumVisualStudioVersion = 10.0.40219.1
Project("{9A19103F-16F7-4668-BE54-9A1E7A4F7556}") = "Lesson11", "Lesson11.csproj", "{66AC4505-BEA4-4DDC-845B-E1CDC944CEE1}"
EndProject
Global
	GlobalSection(SolutionConfigurationPlatforms) = preSolution
		Debug|Any CPU = Debug|Any CPU
		Release|Any CPU = Release|Any CPU
	EndGlobalSection
	GlobalSection(ProjectConfigurationPlatforms) = postSolution
		{66AC4505-BEA4-4DDC-845B-E1CDC944CEE1}.Debug|Any CPU.ActiveCfg = Debug|Any CPU
		{66AC4505-BEA4-4DDC-845B-E1CDC944CEE1}.Debug|Any CPU.Build.0 = Debug|Any CPU
		{66AC4505-BEA4-4DDC-845B-E1CDC944CEE1}.Release|Any CPU.ActiveCfg = Release|Any CPU
		{66AC4505-BEA4-4DDC-845B-E1CDC944CEE1}.Release|Any CPU.Build.0 = Release|Any CPU
	EndGlobalSection
	GlobalSection(SolutionProperties) = preSolution
		HideSolutionNode = FALSE
	EndGlobalSection
	GlobalSection(ExtensibilityGlobals) = postSolution
		SolutionGuid = {6970A3A0-E06B-4642-B019-43BC8D25C6D8}
	EndGlobalSection
EndGlobal
