
Microsoft Visual Studio Solution File, Format Version 12.00
# Visual Studio 15
VisualStudioVersion = 15.0.27130.2036
MinimumVisualStudioVersion = 10.0.40219.1
Project("{FAE04EC0-301F-11D3-BF4B-00C04F79EFBC}") = "Cookie", "Cookie\Cookie.csproj", "{DB9D7ADC-5819-4599-8BE7-38E9469BD094}"
EndProject
Global
	GlobalSection(SolutionConfigurationPlatforms) = preSolution
		Debug|Any CPU = Debug|Any CPU
		Release|Any CPU = Release|Any CPU
	EndGlobalSection
	GlobalSection(ProjectConfigurationPlatforms) = postSolution
		{DB9D7ADC-5819-4599-8BE7-38E9469BD094}.Debug|Any CPU.ActiveCfg = Debug|Any CPU
		{DB9D7ADC-5819-4599-8BE7-38E9469BD094}.Debug|Any CPU.Build.0 = Debug|Any CPU
		{DB9D7ADC-5819-4599-8BE7-38E9469BD094}.Release|Any CPU.ActiveCfg = Release|Any CPU
		{DB9D7ADC-5819-4599-8BE7-38E9469BD094}.Release|Any CPU.Build.0 = Release|Any CPU
	EndGlobalSection
	GlobalSection(SolutionProperties) = preSolution
		HideSolutionNode = FALSE
	EndGlobalSection
	GlobalSection(ExtensibilityGlobals) = postSolution
		SolutionGuid = {4C29D789-39D6-4F32-8865-1BBDEF118E61}
	EndGlobalSection
EndGlobal
