
Microsoft Visual Studio Solution File, Format Version 12.00
# Visual Studio 15
VisualStudioVersion = 15.0.27130.2003
MinimumVisualStudioVersion = 10.0.40219.1
Project("{FAE04EC0-301F-11D3-BF4B-00C04F79EFBC}") = "StoringPassword", "StoringPassword\StoringPassword.csproj", "{68A8D50E-B228-48AA-8BBC-2CD52BC38127}"
EndProject
Global
	GlobalSection(SolutionConfigurationPlatforms) = preSolution
		Debug|Any CPU = Debug|Any CPU
		Release|Any CPU = Release|Any CPU
	EndGlobalSection
	GlobalSection(ProjectConfigurationPlatforms) = postSolution
		{68A8D50E-B228-48AA-8BBC-2CD52BC38127}.Debug|Any CPU.ActiveCfg = Debug|Any CPU
		{68A8D50E-B228-48AA-8BBC-2CD52BC38127}.Debug|Any CPU.Build.0 = Debug|Any CPU
		{68A8D50E-B228-48AA-8BBC-2CD52BC38127}.Release|Any CPU.ActiveCfg = Release|Any CPU
		{68A8D50E-B228-48AA-8BBC-2CD52BC38127}.Release|Any CPU.Build.0 = Release|Any CPU
	EndGlobalSection
	GlobalSection(SolutionProperties) = preSolution
		HideSolutionNode = FALSE
	EndGlobalSection
	GlobalSection(ExtensibilityGlobals) = postSolution
		SolutionGuid = {D54F7DAB-0209-4653-908D-D0D25E8A5553}
	EndGlobalSection
EndGlobal
