
Microsoft Visual Studio Solution File, Format Version 12.00
# Visual Studio Version 17
VisualStudioVersion = 17.9.34622.214
MinimumVisualStudioVersion = 10.0.40219.1
Project("{FAE04EC0-301F-11D3-BF4B-00C04F79EFBC}") = "EfCoreApproachesDemo", "EfCoreApproachesDemo\EfCoreApproachesDemo.csproj", "{F746AAFB-EC38-419B-B4D0-57BEB084A6B3}"
EndProject
Project("{FAE04EC0-301F-11D3-BF4B-00C04F79EFBC}") = "EfCoreApproachesDemo.Data", "EfCoreApproachesDemo.Data\EfCoreApproachesDemo.Data.csproj", "{0E8C9C6B-C045-49F1-B37A-AB858AF9F855}"
EndProject
Global
	GlobalSection(SolutionConfigurationPlatforms) = preSolution
		Debug|Any CPU = Debug|Any CPU
		Release|Any CPU = Release|Any CPU
	EndGlobalSection
	GlobalSection(ProjectConfigurationPlatforms) = postSolution
		{F746AAFB-EC38-419B-B4D0-57BEB084A6B3}.Debug|Any CPU.ActiveCfg = Debug|Any CPU
		{F746AAFB-EC38-419B-B4D0-57BEB084A6B3}.Debug|Any CPU.Build.0 = Debug|Any CPU
		{F746AAFB-EC38-419B-B4D0-57BEB084A6B3}.Release|Any CPU.ActiveCfg = Release|Any CPU
		{F746AAFB-EC38-419B-B4D0-57BEB084A6B3}.Release|Any CPU.Build.0 = Release|Any CPU
		{0E8C9C6B-C045-49F1-B37A-AB858AF9F855}.Debug|Any CPU.ActiveCfg = Debug|Any CPU
		{0E8C9C6B-C045-49F1-B37A-AB858AF9F855}.Debug|Any CPU.Build.0 = Debug|Any CPU
		{0E8C9C6B-C045-49F1-B37A-AB858AF9F855}.Release|Any CPU.ActiveCfg = Release|Any CPU
		{0E8C9C6B-C045-49F1-B37A-AB858AF9F855}.Release|Any CPU.Build.0 = Release|Any CPU
	EndGlobalSection
	GlobalSection(SolutionProperties) = preSolution
		HideSolutionNode = FALSE
	EndGlobalSection
	GlobalSection(ExtensibilityGlobals) = postSolution
		SolutionGuid = {D75156CA-DE1B-4504-BE2A-493D7F6AD3CD}
	EndGlobalSection
EndGlobal
