
Microsoft Visual Studio Solution File, Format Version 12.00
# Visual Studio 15
VisualStudioVersion = 15.0.27130.2003
MinimumVisualStudioVersion = 10.0.40219.1
Project("{FAE04EC0-301F-11D3-BF4B-00C04F79EFBC}") = "AspNetCore.Validation.StudentsDb", "AspNetCore.Validation.StudentsDb\AspNetCore.Validation.StudentsDb.csproj", "{D8C73DCF-BC82-43CF-8D35-21D4D5A3E8B1}"
EndProject
Global
	GlobalSection(SolutionConfigurationPlatforms) = preSolution
		Debug|Any CPU = Debug|Any CPU
		Release|Any CPU = Release|Any CPU
	EndGlobalSection
	GlobalSection(ProjectConfigurationPlatforms) = postSolution
		{D8C73DCF-BC82-43CF-8D35-21D4D5A3E8B1}.Debug|Any CPU.ActiveCfg = Debug|Any CPU
		{D8C73DCF-BC82-43CF-8D35-21D4D5A3E8B1}.Debug|Any CPU.Build.0 = Debug|Any CPU
		{D8C73DCF-BC82-43CF-8D35-21D4D5A3E8B1}.Release|Any CPU.ActiveCfg = Release|Any CPU
		{D8C73DCF-BC82-43CF-8D35-21D4D5A3E8B1}.Release|Any CPU.Build.0 = Release|Any CPU
	EndGlobalSection
	GlobalSection(SolutionProperties) = preSolution
		HideSolutionNode = FALSE
	EndGlobalSection
	GlobalSection(ExtensibilityGlobals) = postSolution
		SolutionGuid = {477B7433-35AA-4334-8A64-3EC3D552E002}
	EndGlobalSection
EndGlobal
