
Microsoft Visual Studio Solution File, Format Version 12.00
# Visual Studio Version 17
VisualStudioVersion = 17.5.33627.172
MinimumVisualStudioVersion = 10.0.40219.1
Project("{FAE04EC0-301F-11D3-BF4B-00C04F79EFBC}") = "WebApiDapperDemo", "WebApiDapperDemo\WebApiDapperDemo.csproj", "{0EC02676-A149-489B-90DF-8958CB510396}"
EndProject
Global
	GlobalSection(SolutionConfigurationPlatforms) = preSolution
		Debug|Any CPU = Debug|Any CPU
		Release|Any CPU = Release|Any CPU
	EndGlobalSection
	GlobalSection(ProjectConfigurationPlatforms) = postSolution
		{0EC02676-A149-489B-90DF-8958CB510396}.Debug|Any CPU.ActiveCfg = Debug|Any CPU
		{0EC02676-A149-489B-90DF-8958CB510396}.Debug|Any CPU.Build.0 = Debug|Any CPU
		{0EC02676-A149-489B-90DF-8958CB510396}.Release|Any CPU.ActiveCfg = Release|Any CPU
		{0EC02676-A149-489B-90DF-8958CB510396}.Release|Any CPU.Build.0 = Release|Any CPU
	EndGlobalSection
	GlobalSection(SolutionProperties) = preSolution
		HideSolutionNode = FALSE
	EndGlobalSection
	GlobalSection(ExtensibilityGlobals) = postSolution
		SolutionGuid = {F1C1D248-8EC7-4BE2-AF28-36B1EFC91454}
	EndGlobalSection
EndGlobal
