
Microsoft Visual Studio Solution File, Format Version 12.00
# Visual Studio 2013
VisualStudioVersion = 12.0.30723.0
MinimumVisualStudioVersion = 10.0.40219.1
Project("{FAE04EC0-301F-11D3-BF4B-00C04F79EFBC}") = "StaticControl", "StaticControl\StaticControl.csproj", "{EB35C6BC-BC33-48F0-87DB-353E2DC93379}"
EndProject
Project("{FAE04EC0-301F-11D3-BF4B-00C04F79EFBC}") = "ButtonControl", "ButtonControl\ButtonControl.csproj", "{F0150511-FF9E-4480-A993-009C7D13F94F}"
EndProject
Project("{FAE04EC0-301F-11D3-BF4B-00C04F79EFBC}") = "CheckBoxControl", "CheckBoxControl\CheckBoxControl.csproj", "{B941D389-6929-4BD0-ACA0-A2DD07B37FA8}"
EndProject
Project("{FAE04EC0-301F-11D3-BF4B-00C04F79EFBC}") = "TextBoxComboBoxControls", "TextBoxComboBoxControls\TextBoxComboBoxControls.csproj", "{5442ED4E-6E39-47AB-AFFA-351C49D8B7C2}"
EndProject
Project("{FAE04EC0-301F-11D3-BF4B-00C04F79EFBC}") = "RadioButtonControl", "RadioButtonControl\RadioButtonControl.csproj", "{14051300-CBCF-47F3-B65D-EFAB25E0FB35}"
EndProject
Project("{FAE04EC0-301F-11D3-BF4B-00C04F79EFBC}") = "ListBoxControl", "ListBoxControl\ListBoxControl.csproj", "{7B309D17-0BD3-4665-8D5D-859B90126953}"
EndProject
Project("{FAE04EC0-301F-11D3-BF4B-00C04F79EFBC}") = "CheckedListBoxControl", "CheckedListBoxControl\CheckedListBoxControl.csproj", "{987C5A13-8171-41D9-8950-429DFE988304}"
EndProject
Project("{FAE04EC0-301F-11D3-BF4B-00C04F79EFBC}") = "NumericUpDownControl", "NumericUpDownControl\NumericUpDownControl.csproj", "{25C5928F-7202-4A82-ADEB-891D0720677D}"
EndProject
Project("{FAE04EC0-301F-11D3-BF4B-00C04F79EFBC}") = "DateTimePickerControl", "DateTimePickerControl\DateTimePickerControl.csproj", "{E540CA55-D851-410C-9101-C70D1B633396}"
EndProject
Project("{FAE04EC0-301F-11D3-BF4B-00C04F79EFBC}") = "ProgressBarControl", "ProgressBarControl\ProgressBarControl.csproj", "{ACF1EF00-1DDD-4CEC-9003-5DB4B71E486F}"
EndProject
Project("{FAE04EC0-301F-11D3-BF4B-00C04F79EFBC}") = "TrackBarControl", "TrackBarControl\TrackBarControl.csproj", "{E27D0BB1-84D0-4C07-903F-9929ABDAADAF}"
EndProject
Project("{FAE04EC0-301F-11D3-BF4B-00C04F79EFBC}") = "PictureBoxControl", "PictureBoxControl\PictureBoxControl.csproj", "{4908036D-6658-405A-89C6-FCF8173300A4}"
EndProject
Project("{FAE04EC0-301F-11D3-BF4B-00C04F79EFBC}") = "MonthCalendarControl", "MonthCalendarControl\MonthCalendarControl.csproj", "{53495515-8682-424E-81F2-C88B2797B093}"
EndProject
Project("{FAE04EC0-301F-11D3-BF4B-00C04F79EFBC}") = "MaskedTextBoxControl", "MaskedTextBoxControl\MaskedTextBoxControl.csproj", "{38557F92-DC1B-41E2-90A1-2E5C1F4F5668}"
EndProject
Global
	GlobalSection(SolutionConfigurationPlatforms) = preSolution
		Debug|Any CPU = Debug|Any CPU
		Release|Any CPU = Release|Any CPU
	EndGlobalSection
	GlobalSection(ProjectConfigurationPlatforms) = postSolution
		{EB35C6BC-BC33-48F0-87DB-353E2DC93379}.Debug|Any CPU.ActiveCfg = Debug|Any CPU
		{EB35C6BC-BC33-48F0-87DB-353E2DC93379}.Debug|Any CPU.Build.0 = Debug|Any CPU
		{EB35C6BC-BC33-48F0-87DB-353E2DC93379}.Release|Any CPU.ActiveCfg = Release|Any CPU
		{EB35C6BC-BC33-48F0-87DB-353E2DC93379}.Release|Any CPU.Build.0 = Release|Any CPU
		{F0150511-FF9E-4480-A993-009C7D13F94F}.Debug|Any CPU.ActiveCfg = Debug|Any CPU
		{F0150511-FF9E-4480-A993-009C7D13F94F}.Debug|Any CPU.Build.0 = Debug|Any CPU
		{F0150511-FF9E-4480-A993-009C7D13F94F}.Release|Any CPU.ActiveCfg = Release|Any CPU
		{F0150511-FF9E-4480-A993-009C7D13F94F}.Release|Any CPU.Build.0 = Release|Any CPU
		{B941D389-6929-4BD0-ACA0-A2DD07B37FA8}.Debug|Any CPU.ActiveCfg = Debug|Any CPU
		{B941D389-6929-4BD0-ACA0-A2DD07B37FA8}.Debug|Any CPU.Build.0 = Debug|Any CPU
		{B941D389-6929-4BD0-ACA0-A2DD07B37FA8}.Release|Any CPU.ActiveCfg = Release|Any CPU
		{B941D389-6929-4BD0-ACA0-A2DD07B37FA8}.Release|Any CPU.Build.0 = Release|Any CPU
		{5442ED4E-6E39-47AB-AFFA-351C49D8B7C2}.Debug|Any CPU.ActiveCfg = Debug|Any CPU
		{5442ED4E-6E39-47AB-AFFA-351C49D8B7C2}.Debug|Any CPU.Build.0 = Debug|Any CPU
		{5442ED4E-6E39-47AB-AFFA-351C49D8B7C2}.Release|Any CPU.ActiveCfg = Release|Any CPU
		{5442ED4E-6E39-47AB-AFFA-351C49D8B7C2}.Release|Any CPU.Build.0 = Release|Any CPU
		{14051300-CBCF-47F3-B65D-EFAB25E0FB35}.Debug|Any CPU.ActiveCfg = Debug|Any CPU
		{14051300-CBCF-47F3-B65D-EFAB25E0FB35}.Debug|Any CPU.Build.0 = Debug|Any CPU
		{14051300-CBCF-47F3-B65D-EFAB25E0FB35}.Release|Any CPU.ActiveCfg = Release|Any CPU
		{14051300-CBCF-47F3-B65D-EFAB25E0FB35}.Release|Any CPU.Build.0 = Release|Any CPU
		{7B309D17-0BD3-4665-8D5D-859B90126953}.Debug|Any CPU.ActiveCfg = Debug|Any CPU
		{7B309D17-0BD3-4665-8D5D-859B90126953}.Debug|Any CPU.Build.0 = Debug|Any CPU
		{7B309D17-0BD3-4665-8D5D-859B90126953}.Release|Any CPU.ActiveCfg = Release|Any CPU
		{7B309D17-0BD3-4665-8D5D-859B90126953}.Release|Any CPU.Build.0 = Release|Any CPU
		{987C5A13-8171-41D9-8950-429DFE988304}.Debug|Any CPU.ActiveCfg = Debug|Any CPU
		{987C5A13-8171-41D9-8950-429DFE988304}.Debug|Any CPU.Build.0 = Debug|Any CPU
		{987C5A13-8171-41D9-8950-429DFE988304}.Release|Any CPU.ActiveCfg = Release|Any CPU
		{987C5A13-8171-41D9-8950-429DFE988304}.Release|Any CPU.Build.0 = Release|Any CPU
		{25C5928F-7202-4A82-ADEB-891D0720677D}.Debug|Any CPU.ActiveCfg = Debug|Any CPU
		{25C5928F-7202-4A82-ADEB-891D0720677D}.Debug|Any CPU.Build.0 = Debug|Any CPU
		{25C5928F-7202-4A82-ADEB-891D0720677D}.Release|Any CPU.ActiveCfg = Release|Any CPU
		{25C5928F-7202-4A82-ADEB-891D0720677D}.Release|Any CPU.Build.0 = Release|Any CPU
		{E540CA55-D851-410C-9101-C70D1B633396}.Debug|Any CPU.ActiveCfg = Debug|Any CPU
		{E540CA55-D851-410C-9101-C70D1B633396}.Debug|Any CPU.Build.0 = Debug|Any CPU
		{E540CA55-D851-410C-9101-C70D1B633396}.Release|Any CPU.ActiveCfg = Release|Any CPU
		{E540CA55-D851-410C-9101-C70D1B633396}.Release|Any CPU.Build.0 = Release|Any CPU
		{ACF1EF00-1DDD-4CEC-9003-5DB4B71E486F}.Debug|Any CPU.ActiveCfg = Debug|Any CPU
		{ACF1EF00-1DDD-4CEC-9003-5DB4B71E486F}.Debug|Any CPU.Build.0 = Debug|Any CPU
		{ACF1EF00-1DDD-4CEC-9003-5DB4B71E486F}.Release|Any CPU.ActiveCfg = Release|Any CPU
		{ACF1EF00-1DDD-4CEC-9003-5DB4B71E486F}.Release|Any CPU.Build.0 = Release|Any CPU
		{E27D0BB1-84D0-4C07-903F-9929ABDAADAF}.Debug|Any CPU.ActiveCfg = Debug|Any CPU
		{E27D0BB1-84D0-4C07-903F-9929ABDAADAF}.Debug|Any CPU.Build.0 = Debug|Any CPU
		{E27D0BB1-84D0-4C07-903F-9929ABDAADAF}.Release|Any CPU.ActiveCfg = Release|Any CPU
		{E27D0BB1-84D0-4C07-903F-9929ABDAADAF}.Release|Any CPU.Build.0 = Release|Any CPU
		{4908036D-6658-405A-89C6-FCF8173300A4}.Debug|Any CPU.ActiveCfg = Debug|Any CPU
		{4908036D-6658-405A-89C6-FCF8173300A4}.Debug|Any CPU.Build.0 = Debug|Any CPU
		{4908036D-6658-405A-89C6-FCF8173300A4}.Release|Any CPU.ActiveCfg = Release|Any CPU
		{4908036D-6658-405A-89C6-FCF8173300A4}.Release|Any CPU.Build.0 = Release|Any CPU
		{53495515-8682-424E-81F2-C88B2797B093}.Debug|Any CPU.ActiveCfg = Debug|Any CPU
		{53495515-8682-424E-81F2-C88B2797B093}.Debug|Any CPU.Build.0 = Debug|Any CPU
		{53495515-8682-424E-81F2-C88B2797B093}.Release|Any CPU.ActiveCfg = Release|Any CPU
		{53495515-8682-424E-81F2-C88B2797B093}.Release|Any CPU.Build.0 = Release|Any CPU
		{38557F92-DC1B-41E2-90A1-2E5C1F4F5668}.Debug|Any CPU.ActiveCfg = Debug|Any CPU
		{38557F92-DC1B-41E2-90A1-2E5C1F4F5668}.Debug|Any CPU.Build.0 = Debug|Any CPU
		{38557F92-DC1B-41E2-90A1-2E5C1F4F5668}.Release|Any CPU.ActiveCfg = Release|Any CPU
		{38557F92-DC1B-41E2-90A1-2E5C1F4F5668}.Release|Any CPU.Build.0 = Release|Any CPU
	EndGlobalSection
	GlobalSection(SolutionProperties) = preSolution
		HideSolutionNode = FALSE
	EndGlobalSection
EndGlobal
