
Microsoft Visual Studio Solution File, Format Version 12.00
# Visual Studio 2013
VisualStudioVersion = 12.0.30723.0
MinimumVisualStudioVersion = 10.0.40219.1
Project("{FAE04EC0-301F-11D3-BF4B-00C04F79EFBC}") = "ExampleImportDll", "ExampleImportDll\ExampleImportDll.csproj", "{EF434723-9A30-49F1-862A-063DD5BC2CBF}"
EndProject
Global
	GlobalSection(SolutionConfigurationPlatforms) = preSolution
		Debug|Any CPU = Debug|Any CPU
		Release|Any CPU = Release|Any CPU
	EndGlobalSection
	GlobalSection(ProjectConfigurationPlatforms) = postSolution
		{EF434723-9A30-49F1-862A-063DD5BC2CBF}.Debug|Any CPU.ActiveCfg = Debug|Any CPU
		{EF434723-9A30-49F1-862A-063DD5BC2CBF}.Debug|Any CPU.Build.0 = Debug|Any CPU
		{EF434723-9A30-49F1-862A-063DD5BC2CBF}.Release|Any CPU.ActiveCfg = Release|Any CPU
		{EF434723-9A30-49F1-862A-063DD5BC2CBF}.Release|Any CPU.Build.0 = Release|Any CPU
	EndGlobalSection
	GlobalSection(SolutionProperties) = preSolution
		HideSolutionNode = FALSE
	EndGlobalSection
EndGlobal
