
Microsoft Visual Studio Solution File, Format Version 12.00
# Visual Studio 15
VisualStudioVersion = 15.0.27130.2003
MinimumVisualStudioVersion = 10.0.40219.1
Project("{FAE04EC0-301F-11D3-BF4B-00C04F79EFBC}") = "AspNetCore.NewDb", "AspNetCore.NewDb\AspNetCore.NewDb.csproj", "{AFDA914F-EFA9-4FCD-8D3F-F068F73F8EC1}"
EndProject
Global
	GlobalSection(SolutionConfigurationPlatforms) = preSolution
		Debug|Any CPU = Debug|Any CPU
		Release|Any CPU = Release|Any CPU
	EndGlobalSection
	GlobalSection(ProjectConfigurationPlatforms) = postSolution
		{AFDA914F-EFA9-4FCD-8D3F-F068F73F8EC1}.Debug|Any CPU.ActiveCfg = Debug|Any CPU
		{AFDA914F-EFA9-4FCD-8D3F-F068F73F8EC1}.Debug|Any CPU.Build.0 = Debug|Any CPU
		{AFDA914F-EFA9-4FCD-8D3F-F068F73F8EC1}.Release|Any CPU.ActiveCfg = Release|Any CPU
		{AFDA914F-EFA9-4FCD-8D3F-F068F73F8EC1}.Release|Any CPU.Build.0 = Release|Any CPU
	EndGlobalSection
	GlobalSection(SolutionProperties) = preSolution
		HideSolutionNode = FALSE
	EndGlobalSection
	GlobalSection(ExtensibilityGlobals) = postSolution
		SolutionGuid = {CBEBCAFF-AD8D-4A27-B89E-3E2109E08465}
	EndGlobalSection
EndGlobal
