
Microsoft Visual Studio Solution File, Format Version 12.00
# Visual Studio Version 17
VisualStudioVersion = 17.7.34202.233
MinimumVisualStudioVersion = 10.0.40219.1
Project("{FAE04EC0-301F-11D3-BF4B-00C04F79EFBC}") = "WebApi", "SimpleWebApiUnitTestsDemo\WebApi.csproj", "{9F334077-61EA-4651-9376-477D11984E30}"
EndProject
Project("{FAE04EC0-301F-11D3-BF4B-00C04F79EFBC}") = "WebApiTests", "WebApiTests\WebApiTests.csproj", "{2C903607-5CDF-48CD-BD4F-BA5DC41C3CF4}"
EndProject
Global
	GlobalSection(SolutionConfigurationPlatforms) = preSolution
		Debug|Any CPU = Debug|Any CPU
		Release|Any CPU = Release|Any CPU
	EndGlobalSection
	GlobalSection(ProjectConfigurationPlatforms) = postSolution
		{9F334077-61EA-4651-9376-477D11984E30}.Debug|Any CPU.ActiveCfg = Debug|Any CPU
		{9F334077-61EA-4651-9376-477D11984E30}.Debug|Any CPU.Build.0 = Debug|Any CPU
		{9F334077-61EA-4651-9376-477D11984E30}.Release|Any CPU.ActiveCfg = Release|Any CPU
		{9F334077-61EA-4651-9376-477D11984E30}.Release|Any CPU.Build.0 = Release|Any CPU
		{2C903607-5CDF-48CD-BD4F-BA5DC41C3CF4}.Debug|Any CPU.ActiveCfg = Debug|Any CPU
		{2C903607-5CDF-48CD-BD4F-BA5DC41C3CF4}.Debug|Any CPU.Build.0 = Debug|Any CPU
		{2C903607-5CDF-48CD-BD4F-BA5DC41C3CF4}.Release|Any CPU.ActiveCfg = Release|Any CPU
		{2C903607-5CDF-48CD-BD4F-BA5DC41C3CF4}.Release|Any CPU.Build.0 = Release|Any CPU
	EndGlobalSection
	GlobalSection(SolutionProperties) = preSolution
		HideSolutionNode = FALSE
	EndGlobalSection
	GlobalSection(ExtensibilityGlobals) = postSolution
		SolutionGuid = {E720B876-E295-41FE-9F1E-85BEAAA70DA7}
	EndGlobalSection
EndGlobal
